
Microsoft Visual Studio Solution File, Format Version 12.00
# Visual Studio Version 17
VisualStudioVersion = 17.0.31903.59
MinimumVisualStudioVersion = 10.0.40219.1
Project("{2150E333-8FDC-42A3-9474-1A3956D46DE8}") = "src", "src", "{827E0CD3-B72D-47B6-A68D-7590B98EB39B}"
EndProject
Project("{FAE04EC0-301F-11D3-BF4B-00C04F79EFBC}") = "SaaSFoundry.EngineeringWorkbench.Builder", "src\SaaSFoundry.EngineeringWorkbench.Builder\SaaSFoundry.EngineeringWorkbench.Builder.csproj", "{8EB549C8-1943-47A5-BDE1-92F62C126931}"
EndProject
Project("{FAE04EC0-301F-11D3-BF4B-00C04F79EFBC}") = "SaaSFoundry.EngineeringWorkbench.Core", "src\SaaSFoundry.EngineeringWorkbench.Core\SaaSFoundry.EngineeringWorkbench.Core.csproj", "{A0BB3168-1448-4D1D-9A7F-65653255CC1F}"
EndProject
Project("{FAE04EC0-301F-11D3-BF4B-00C04F79EFBC}") = "SaaSFoundry.EngineeringWorkbench.Application", "src\SaaSFoundry.EngineeringWorkbench.Application\SaaSFoundry.EngineeringWorkbench.Application.csproj", "{A110FD78-EFF7-4EC6-A923-2DFECD44B9A1}"
EndProject
Project("{FAE04EC0-301F-11D3-BF4B-00C04F79EFBC}") = "SaaSFoundry.EngineeringWorkbench.Infrastructure", "src\SaaSFoundry.EngineeringWorkbench.Infrastructure\SaaSFoundry.EngineeringWorkbench.Infrastructure.csproj", "{5E3511A7-4AAA-49D2-9DA4-C8577FA0E278}"
EndProject
Project("{FAE04EC0-301F-11D3-BF4B-00C04F79EFBC}") = "SaaSFoundry.EngineeringWorkbench.PluginRuntime", "src\SaaSFoundry.EngineeringWorkbench.PluginRuntime\SaaSFoundry.EngineeringWorkbench.PluginRuntime.csproj", "{67D70988-0FAF-43EA-A479-F7C5E9620419}"
EndProject
Project("{FAE04EC0-301F-11D3-BF4B-00C04F79EFBC}") = "SaaSFoundry.EngineeringWorkbench.Validation", "src\SaaSFoundry.EngineeringWorkbench.Validation\SaaSFoundry.EngineeringWorkbench.Validation.csproj", "{555CD2E1-6635-46FF-B09C-D6B2A07B1C20}"
EndProject
Project("{FAE04EC0-301F-11D3-BF4B-00C04F79EFBC}") = "SaaSFoundry.EngineeringWorkbench.Packaging", "src\SaaSFoundry.EngineeringWorkbench.Packaging\SaaSFoundry.EngineeringWorkbench.Packaging.csproj", "{DD069073-8C51-4DEF-9D29-C583BFB3E3CC}"
EndProject
Project("{FAE04EC0-301F-11D3-BF4B-00C04F79EFBC}") = "SaaSFoundry.EngineeringWorkbench.UI", "src\SaaSFoundry.EngineeringWorkbench.UI\SaaSFoundry.EngineeringWorkbench.UI.csproj", "{641E6711-673C-4154-8BAB-3B6B29F3BD6D}"
EndProject
Project("{FAE04EC0-301F-11D3-BF4B-00C04F79EFBC}") = "SaaSFoundry.EngineeringWorkbench.Plugins.Observability", "src\SaaSFoundry.EngineeringWorkbench.Plugins.Observability\SaaSFoundry.EngineeringWorkbench.Plugins.Observability.csproj", "{330B3C1C-DC57-4D57-B479-14CA96FDFCA5}"
EndProject
Project("{2150E333-8FDC-42A3-9474-1A3956D46DE8}") = "tests", "tests", "{0AB3BF05-4346-4AA6-1389-037BE0695223}"
EndProject
Project("{FAE04EC0-301F-11D3-BF4B-00C04F79EFBC}") = "SaaSFoundry.EngineeringWorkbench.IntegrationTests", "tests\SaaSFoundry.EngineeringWorkbench.IntegrationTests\SaaSFoundry.EngineeringWorkbench.IntegrationTests.csproj", "{BD07F634-5E8E-4403-8B3E-8475CB6C6F3B}"
EndProject
Project("{FAE04EC0-301F-11D3-BF4B-00C04F79EFBC}") = "SaaSFoundry.EngineeringWorkbench.Planning", "src\SaaSFoundry.EngineeringWorkbench.Planning\SaaSFoundry.EngineeringWorkbench.Planning.csproj", "{2EF5EDBD-A2A1-4E2A-A57F-915131615DD2}"
EndProject
Project("{FAE04EC0-301F-11D3-BF4B-00C04F79EFBC}") = "SaaSFoundry.EngineeringWorkbench.Catalog", "src\SaaSFoundry.EngineeringWorkbench.Catalog\SaaSFoundry.EngineeringWorkbench.Catalog.csproj", "{F01674C8-2114-4CB8-BB87-6E85E07090F9}"
EndProject
Project("{FAE04EC0-301F-11D3-BF4B-00C04F79EFBC}") = "SaaSFoundry.EngineeringWorkbench.Governance", "src\SaaSFoundry.EngineeringWorkbench.Governance\SaaSFoundry.EngineeringWorkbench.Governance.csproj", "{B69F1BCB-4D51-476F-9CBD-01656209FB5A}"
EndProject
Project("{FAE04EC0-301F-11D3-BF4B-00C04F79EFBC}") = "SaaSFoundry.Plugins.Observability", "src\SaaSFoundry.Plugins.Observability\SaaSFoundry.Plugins.Observability.csproj", "{DC477D46-385A-4CCF-90F3-DD7DE63EC4D2}"
EndProject
Project("{FAE04EC0-301F-11D3-BF4B-00C04F79EFBC}") = "SaaSFoundry.Plugins.Observability.UnitTests", "tests\SaaSFoundry.Plugins.Observability.UnitTests\SaaSFoundry.Plugins.Observability.UnitTests.csproj", "{5E5CD913-B7F0-4275-806F-453F7E36BFCB}"
EndProject
Project("{FAE04EC0-301F-11D3-BF4B-00C04F79EFBC}") = "SaaSFoundry.EngineeringWorkbench.AgentRuntime", "src\SaaSFoundry.EngineeringWorkbench.AgentRuntime\SaaSFoundry.EngineeringWorkbench.AgentRuntime.csproj", "{CB7B4C42-72DC-463A-9031-CC09216E4333}"
EndProject
Project("{FAE04EC0-301F-11D3-BF4B-00C04F79EFBC}") = "SaaSFoundry.Agents.Reference", "src\SaaSFoundry.Agents.Reference\SaaSFoundry.Agents.Reference.csproj", "{B6044595-B84F-4EB3-805D-6888968DFDE6}"
EndProject
Project("{FAE04EC0-301F-11D3-BF4B-00C04F79EFBC}") = "SaaSFoundry.EngineeringWorkbench.AgentRuntime.UnitTests", "tests\SaaSFoundry.EngineeringWorkbench.AgentRuntime.UnitTests\SaaSFoundry.EngineeringWorkbench.AgentRuntime.UnitTests.csproj", "{CA743DAA-A96C-4CC6-93FB-A3579D96FE8A}"
EndProject
Project("{FAE04EC0-301F-11D3-BF4B-00C04F79EFBC}") = "SaaSFoundry.EngineeringWorkbench.AgentRuntime.IntegrationTests", "tests\SaaSFoundry.EngineeringWorkbench.AgentRuntime.IntegrationTests\SaaSFoundry.EngineeringWorkbench.AgentRuntime.IntegrationTests.csproj", "{CCEA5FAB-C3AF-488B-AC97-BA13E9E59234}"
EndProject
Project("{FAE04EC0-301F-11D3-BF4B-00C04F79EFBC}") = "SaaSFoundry.EngineeringWorkbench.AgentGovernance", "src\SaaSFoundry.EngineeringWorkbench.AgentGovernance\SaaSFoundry.EngineeringWorkbench.AgentGovernance.csproj", "{309ECE7A-72CE-483B-8468-BE42CC79F252}"
EndProject
Project("{FAE04EC0-301F-11D3-BF4B-00C04F79EFBC}") = "SaaSFoundry.EngineeringWorkbench.AgentGovernance.UnitTests", "tests\SaaSFoundry.EngineeringWorkbench.AgentGovernance.UnitTests\SaaSFoundry.EngineeringWorkbench.AgentGovernance.UnitTests.csproj", "{1969D098-4E87-4ECA-A4ED-988EEBCF3A32}"
EndProject
Project("{FAE04EC0-301F-11D3-BF4B-00C04F79EFBC}") = "SaaSFoundry.EngineeringWorkbench.Execution", "src\SaaSFoundry.EngineeringWorkbench.Execution\SaaSFoundry.EngineeringWorkbench.Execution.csproj", "{783DBBF5-0ADB-4664-957D-6204C45C15BD}"
EndProject
Project("{FAE04EC0-301F-11D3-BF4B-00C04F79EFBC}") = "SaaSFoundry.EngineeringWorkbench.Missions", "src\SaaSFoundry.EngineeringWorkbench.Missions\SaaSFoundry.EngineeringWorkbench.Missions.csproj", "{EA0CC8B9-F7C4-47A6-B976-537DD64607FC}"
EndProject
Project("{FAE04EC0-301F-11D3-BF4B-00C04F79EFBC}") = "SaaSFoundry.EngineeringWorkbench.AgentCoordinator", "src\SaaSFoundry.EngineeringWorkbench.AgentCoordinator\SaaSFoundry.EngineeringWorkbench.AgentCoordinator.csproj", "{E9915488-25B1-488A-BB12-80F2C50B85A8}"
EndProject
Project("{FAE04EC0-301F-11D3-BF4B-00C04F79EFBC}") = "SaaSFoundry.EngineeringWorkbench.Execution.UnitTests", "tests\SaaSFoundry.EngineeringWorkbench.Execution.UnitTests\SaaSFoundry.EngineeringWorkbench.Execution.UnitTests.csproj", "{83D414C4-1CC3-408C-9A09-8A6E684D1271}"
EndProject
Project("{FAE04EC0-301F-11D3-BF4B-00C04F79EFBC}") = "SaaSFoundry.EngineeringWorkbench.Planning.UnitTests", "tests\SaaSFoundry.EngineeringWorkbench.Planning.UnitTests\SaaSFoundry.EngineeringWorkbench.Planning.UnitTests.csproj", "{2BC9738C-7AAB-4F89-BF59-C54665795403}"
EndProject
Project("{FAE04EC0-301F-11D3-BF4B-00C04F79EFBC}") = "SaaSFoundry.EngineeringWorkbench.AgentCoordinator.UnitTests", "tests\SaaSFoundry.EngineeringWorkbench.AgentCoordinator.UnitTests\SaaSFoundry.EngineeringWorkbench.AgentCoordinator.UnitTests.csproj", "{DC6454DC-7DCB-4E0E-825A-3B14913CE609}"
EndProject
Project("{FAE04EC0-301F-11D3-BF4B-00C04F79EFBC}") = "SaaSFoundry.EngineeringWorkbench.Missions.IntegrationTests", "tests\SaaSFoundry.EngineeringWorkbench.Missions.IntegrationTests\SaaSFoundry.EngineeringWorkbench.Missions.IntegrationTests.csproj", "{B23C7E9D-1B43-4683-94D0-444AF4699DB5}"
EndProject
Project("{FAE04EC0-301F-11D3-BF4B-00C04F79EFBC}") = "SaaSFoundry.SDK.Plugins", "src\SaaSFoundry.SDK.Plugins\SaaSFoundry.SDK.Plugins.csproj", "{6DC85055-34F8-4579-97FC-15E9BC2DD65C}"
EndProject
Project("{FAE04EC0-301F-11D3-BF4B-00C04F79EFBC}") = "SaaSFoundry.SDK.Core", "src\SaaSFoundry.SDK.Core\SaaSFoundry.SDK.Core.csproj", "{F461E01D-D818-4450-801B-57645AA661CC}"
EndProject
Project("{FAE04EC0-301F-11D3-BF4B-00C04F79EFBC}") = "SaaSFoundry.SDK.Plugins.UnitTests", "tests\SaaSFoundry.SDK.Plugins.UnitTests\SaaSFoundry.SDK.Plugins.UnitTests.csproj", "{1C3C38D4-4682-4727-A406-A97C4CFE9AD3}"
EndProject
Project("{FAE04EC0-301F-11D3-BF4B-00C04F79EFBC}") = "SaaSFoundry.SDK.Testing", "src\SaaSFoundry.SDK.Testing\SaaSFoundry.SDK.Testing.csproj", "{3BEB2548-AFA4-4F60-A9E1-8047D60E5837}"
EndProject
Project("{FAE04EC0-301F-11D3-BF4B-00C04F79EFBC}") = "SaaSFoundry.SDK.Testing.UnitTests", "tests\SaaSFoundry.SDK.Testing.UnitTests\SaaSFoundry.SDK.Testing.UnitTests.csproj", "{4504EBA3-557F-4FB6-A165-1E5EDBA5B0B4}"
EndProject
Project("{FAE04EC0-301F-11D3-BF4B-00C04F79EFBC}") = "SaaSFoundry.Plugins.Persistence", "src\SaaSFoundry.Plugins.Persistence\SaaSFoundry.Plugins.Persistence.csproj", "{203B8306-B5E2-45B6-90CB-0EFEA8C14ED2}"
EndProject
Project("{FAE04EC0-301F-11D3-BF4B-00C04F79EFBC}") = "SaaSFoundry.SDK.Validation", "src\SaaSFoundry.SDK.Validation\SaaSFoundry.SDK.Validation.csproj", "{062F815B-D042-4CD7-AF52-53EB56DD8F07}"
EndProject
Project("{FAE04EC0-301F-11D3-BF4B-00C04F79EFBC}") = "SaaSFoundry.SDK.Packaging", "src\SaaSFoundry.SDK.Packaging\SaaSFoundry.SDK.Packaging.csproj", "{8CB9E637-B97A-4415-AE4F-E22CF47F0E37}"
EndProject
Project("{FAE04EC0-301F-11D3-BF4B-00C04F79EFBC}") = "SaaSFoundry.Plugins.Persistence.UnitTests", "tests\SaaSFoundry.Plugins.Persistence.UnitTests\SaaSFoundry.Plugins.Persistence.UnitTests.csproj", "{CADB0809-9D27-4FB6-96A9-BFA17746BCBC}"
EndProject
Project("{FAE04EC0-301F-11D3-BF4B-00C04F79EFBC}") = "SaaSFoundry.Plugins.API", "src\SaaSFoundry.Plugins.API\SaaSFoundry.Plugins.API.csproj", "{5EC5FC92-CEAC-4B7F-9F2A-55F63B4CC6E4}"
EndProject
Project("{FAE04EC0-301F-11D3-BF4B-00C04F79EFBC}") = "SaaSFoundry.Plugins.API.UnitTests", "tests\SaaSFoundry.Plugins.API.UnitTests\SaaSFoundry.Plugins.API.UnitTests.csproj", "{6EE558FA-AF64-4A77-BCC6-7A90E6CCAC94}"
EndProject
Project("{FAE04EC0-301F-11D3-BF4B-00C04F79EFBC}") = "SaaSFoundry.EngineeringWorkbench.Core.UnitTests", "tests\SaaSFoundry.EngineeringWorkbench.Core.UnitTests\SaaSFoundry.EngineeringWorkbench.Core.UnitTests.csproj", "{38572A92-527A-454E-8A78-7B90F991FEA4}"
EndProject
Project("{FAE04EC0-301F-11D3-BF4B-00C04F79EFBC}") = "SaaSFoundry.Plugins.Authentication", "src\SaaSFoundry.Plugins.Authentication\SaaSFoundry.Plugins.Authentication.csproj", "{EF54A3C1-FD74-4C19-A819-9F271DE62C8C}"
EndProject
Project("{FAE04EC0-301F-11D3-BF4B-00C04F79EFBC}") = "SaaSFoundry.Plugins.Authentication.UnitTests", "tests\SaaSFoundry.Plugins.Authentication.UnitTests\SaaSFoundry.Plugins.Authentication.UnitTests.csproj", "{5146D392-B3A6-476F-B9EB-D2468B9DE20A}"
EndProject
Project("{FAE04EC0-301F-11D3-BF4B-00C04F79EFBC}") = "VibeStock.System.Cell.IntegrationTests", "tests\VibeStock.System.Cell.IntegrationTests\VibeStock.System.Cell.IntegrationTests.csproj", "{0AA17E8A-7021-4F77-9DEF-8DD28B0777E5}"
EndProject
Project("{FAE04EC0-301F-11D3-BF4B-00C04F79EFBC}") = "VibeStock.System.Cell", "src\VibeStock.System.Cell\VibeStock.System.Cell.csproj", "{2C4055F3-25C9-4EFE-808E-6B347DC5B28A}"
EndProject
Project("{FAE04EC0-301F-11D3-BF4B-00C04F79EFBC}") = "SaaSFoundry.Plugins.BackgroundProcessing", "src\SaaSFoundry.Plugins.BackgroundProcessing\SaaSFoundry.Plugins.BackgroundProcessing.csproj", "{9F66922A-C026-49D5-B4D1-C73B15C28DD6}"
EndProject
Project("{FAE04EC0-301F-11D3-BF4B-00C04F79EFBC}") = "SaaSFoundry.Plugins.BackgroundProcessing.UnitTests", "tests\SaaSFoundry.Plugins.BackgroundProcessing.UnitTests\SaaSFoundry.Plugins.BackgroundProcessing.UnitTests.csproj", "{D2479060-4CFB-46CB-9E0C-23FCC9220EA7}"
EndProject
Project("{FAE04EC0-301F-11D3-BF4B-00C04F79EFBC}") = "SaaSFoundry.EngineeringWorkbench.Builder.UnitTests", "tests\SaaSFoundry.EngineeringWorkbench.Builder.UnitTests\SaaSFoundry.EngineeringWorkbench.Builder.UnitTests.csproj", "{7B3A143A-F2A1-460B-9557-2F434ED2116A}"
EndProject
Project("{FAE04EC0-301F-11D3-BF4B-00C04F79EFBC}") = "SaaSFoundry.SDK.Import", "src\SaaSFoundry.SDK.Import\SaaSFoundry.SDK.Import.csproj", "{AD9DF0CB-EA54-4E67-9FFA-F77B8A7554C1}"
EndProject
Project("{FAE04EC0-301F-11D3-BF4B-00C04F79EFBC}") = "SaaSFoundry.Plugins.Import", "src\SaaSFoundry.Plugins.Import\SaaSFoundry.Plugins.Import.csproj", "{CD9BEB0D-A114-40BF-82FF-4E333B0CE254}"
EndProject
Project("{FAE04EC0-301F-11D3-BF4B-00C04F79EFBC}") = "SaaSFoundry.SDK.Import.UnitTests", "tests\SaaSFoundry.SDK.Import.UnitTests\SaaSFoundry.SDK.Import.UnitTests.csproj", "{BFFB5282-716E-4808-832B-479D9C20AEF9}"
EndProject
Project("{FAE04EC0-301F-11D3-BF4B-00C04F79EFBC}") = "SaaSFoundry.SDK.AI", "src\SaaSFoundry.SDK.AI\SaaSFoundry.SDK.AI.csproj", "{9936B86B-0644-4B18-8357-364D84B2A611}"
EndProject
Project("{FAE04EC0-301F-11D3-BF4B-00C04F79EFBC}") = "SaaSFoundry.Plugins.AI", "src\SaaSFoundry.Plugins.AI\SaaSFoundry.Plugins.AI.csproj", "{5DC685EB-C946-4E9F-8343-623EB399BA45}"
EndProject
Project("{FAE04EC0-301F-11D3-BF4B-00C04F79EFBC}") = "SaaSFoundry.SDK.AI.Tests", "tests\SaaSFoundry.SDK.AI.Tests\SaaSFoundry.SDK.AI.Tests.csproj", "{423EF6EA-5101-41D3-A09A-4EB1E52AE786}"
EndProject
Project("{FAE04EC0-301F-11D3-BF4B-00C04F79EFBC}") = "SaaSFoundry.SDK.Import.AI", "src\SaaSFoundry.SDK.Import.AI\SaaSFoundry.SDK.Import.AI.csproj", "{88DDBFF3-9576-4A42-925B-DEE579498F68}"
EndProject
Project("{FAE04EC0-301F-11D3-BF4B-00C04F79EFBC}") = "SaaSFoundry.Plugins.Import.AI", "src\SaaSFoundry.Plugins.Import.AI\SaaSFoundry.Plugins.Import.AI.csproj", "{4A18BBEC-66CC-4586-8768-37807BA01551}"
EndProject
Project("{FAE04EC0-301F-11D3-BF4B-00C04F79EFBC}") = "SaaSFoundry.SDK.Import.AI.Tests", "tests\SaaSFoundry.SDK.Import.AI.Tests\SaaSFoundry.SDK.Import.AI.Tests.csproj", "{1B8C5ABD-FE05-47A3-9E3C-DB1C72AE65E9}"
EndProject
Project("{FAE04EC0-301F-11D3-BF4B-00C04F79EFBC}") = "SaaSFoundry.SDK.Commerce", "src\SaaSFoundry.SDK.Commerce\SaaSFoundry.SDK.Commerce.csproj", "{7FCF48B9-0821-431B-A3C4-8D434F8F9053}"
EndProject
Project("{FAE04EC0-301F-11D3-BF4B-00C04F79EFBC}") = "SaaSFoundry.SDK.Commerce.Shopify", "src\SaaSFoundry.SDK.Commerce.Shopify\SaaSFoundry.SDK.Commerce.Shopify.csproj", "{EEA12298-EB4B-4AD3-81B0-C89803396518}"
EndProject
Project("{FAE04EC0-301F-11D3-BF4B-00C04F79EFBC}") = "SaaSFoundry.Plugins.Commerce.Shopify", "src\SaaSFoundry.Plugins.Commerce.Shopify\SaaSFoundry.Plugins.Commerce.Shopify.csproj", "{0C163E23-44EE-4352-B891-B5E32277B3F1}"
EndProject
Project("{FAE04EC0-301F-11D3-BF4B-00C04F79EFBC}") = "SaaSFoundry.SDK.Commerce.Shopify.Tests", "tests\SaaSFoundry.SDK.Commerce.Shopify.Tests\SaaSFoundry.SDK.Commerce.Shopify.Tests.csproj", "{74294A6E-32D1-4F3A-98F1-0521917E7D7C}"
EndProject
Project("{FAE04EC0-301F-11D3-BF4B-00C04F79EFBC}") = "VibeStock.Bridge.Cell.IntegrationTests", "tests\VibeStock.Bridge.Cell.IntegrationTests\VibeStock.Bridge.Cell.IntegrationTests.csproj", "{B0D37DF2-4763-4011-8E6F-8FBD8D89A245}"
EndProject
Project("{FAE04EC0-301F-11D3-BF4B-00C04F79EFBC}") = "CommerceAotValidator", "tests\CommerceAotValidator\CommerceAotValidator.csproj", "{1134B917-40AA-459B-9EC3-4AAE4FCE4D8D}"
EndProject
Project("{FAE04EC0-301F-11D3-BF4B-00C04F79EFBC}") = "SaaSFoundry.SDK.ProductIntelligence", "src\SaaSFoundry.SDK.ProductIntelligence\SaaSFoundry.SDK.ProductIntelligence.csproj", "{9C7F61BC-4300-466D-8AD7-98A7E79E559D}"
EndProject
Project("{FAE04EC0-301F-11D3-BF4B-00C04F79EFBC}") = "SaaSFoundry.Plugins.ProductIntelligence", "src\SaaSFoundry.Plugins.ProductIntelligence\SaaSFoundry.Plugins.ProductIntelligence.csproj", "{75193B81-92AC-4063-8041-D9933F308543}"
EndProject
Project("{FAE04EC0-301F-11D3-BF4B-00C04F79EFBC}") = "SaaSFoundry.SDK.ProductIntelligence.Tests", "tests\SaaSFoundry.SDK.ProductIntelligence.Tests\SaaSFoundry.SDK.ProductIntelligence.Tests.csproj", "{81D414CE-0440-466C-86B4-696A29D94F24}"
EndProject
Global
	GlobalSection(SolutionConfigurationPlatforms) = preSolution
		Debug|Any CPU = Debug|Any CPU
		Debug|x64 = Debug|x64
		Debug|x86 = Debug|x86
		Release|Any CPU = Release|Any CPU
		Release|x64 = Release|x64
		Release|x86 = Release|x86
	EndGlobalSection
	GlobalSection(ProjectConfigurationPlatforms) = postSolution
		{8EB549C8-1943-47A5-BDE1-92F62C126931}.Debug|Any CPU.ActiveCfg = Debug|Any CPU
		{8EB549C8-1943-47A5-BDE1-92F62C126931}.Debug|Any CPU.Build.0 = Debug|Any CPU
		{8EB549C8-1943-47A5-BDE1-92F62C126931}.Debug|x64.ActiveCfg = Debug|Any CPU
		{8EB549C8-1943-47A5-BDE1-92F62C126931}.Debug|x64.Build.0 = Debug|Any CPU
		{8EB549C8-1943-47A5-BDE1-92F62C126931}.Debug|x86.ActiveCfg = Debug|Any CPU
		{8EB549C8-1943-47A5-BDE1-92F62C126931}.Debug|x86.Build.0 = Debug|Any CPU
		{8EB549C8-1943-47A5-BDE1-92F62C126931}.Release|Any CPU.ActiveCfg = Release|Any CPU
		{8EB549C8-1943-47A5-BDE1-92F62C126931}.Release|Any CPU.Build.0 = Release|Any CPU
		{8EB549C8-1943-47A5-BDE1-92F62C126931}.Release|x64.ActiveCfg = Release|Any CPU
		{8EB549C8-1943-47A5-BDE1-92F62C126931}.Release|x64.Build.0 = Release|Any CPU
		{8EB549C8-1943-47A5-BDE1-92F62C126931}.Release|x86.ActiveCfg = Release|Any CPU
		{8EB549C8-1943-47A5-BDE1-92F62C126931}.Release|x86.Build.0 = Release|Any CPU
		{A0BB3168-1448-4D1D-9A7F-65653255CC1F}.Debug|Any CPU.ActiveCfg = Debug|Any CPU
		{A0BB3168-1448-4D1D-9A7F-65653255CC1F}.Debug|Any CPU.Build.0 = Debug|Any CPU
		{A0BB3168-1448-4D1D-9A7F-65653255CC1F}.Debug|x64.ActiveCfg = Debug|Any CPU
		{A0BB3168-1448-4D1D-9A7F-65653255CC1F}.Debug|x64.Build.0 = Debug|Any CPU
		{A0BB3168-1448-4D1D-9A7F-65653255CC1F}.Debug|x86.ActiveCfg = Debug|Any CPU
		{A0BB3168-1448-4D1D-9A7F-65653255CC1F}.Debug|x86.Build.0 = Debug|Any CPU
		{A0BB3168-1448-4D1D-9A7F-65653255CC1F}.Release|Any CPU.ActiveCfg = Release|Any CPU
		{A0BB3168-1448-4D1D-9A7F-65653255CC1F}.Release|Any CPU.Build.0 = Release|Any CPU
		{A0BB3168-1448-4D1D-9A7F-65653255CC1F}.Release|x64.ActiveCfg = Release|Any CPU
		{A0BB3168-1448-4D1D-9A7F-65653255CC1F}.Release|x64.Build.0 = Release|Any CPU
		{A0BB3168-1448-4D1D-9A7F-65653255CC1F}.Release|x86.ActiveCfg = Release|Any CPU
		{A0BB3168-1448-4D1D-9A7F-65653255CC1F}.Release|x86.Build.0 = Release|Any CPU
		{A110FD78-EFF7-4EC6-A923-2DFECD44B9A1}.Debug|Any CPU.ActiveCfg = Debug|Any CPU
		{A110FD78-EFF7-4EC6-A923-2DFECD44B9A1}.Debug|Any CPU.Build.0 = Debug|Any CPU
		{A110FD78-EFF7-4EC6-A923-2DFECD44B9A1}.Debug|x64.ActiveCfg = Debug|Any CPU
		{A110FD78-EFF7-4EC6-A923-2DFECD44B9A1}.Debug|x64.Build.0 = Debug|Any CPU
		{A110FD78-EFF7-4EC6-A923-2DFECD44B9A1}.Debug|x86.ActiveCfg = Debug|Any CPU
		{A110FD78-EFF7-4EC6-A923-2DFECD44B9A1}.Debug|x86.Build.0 = Debug|Any CPU
		{A110FD78-EFF7-4EC6-A923-2DFECD44B9A1}.Release|Any CPU.ActiveCfg = Release|Any CPU
		{A110FD78-EFF7-4EC6-A923-2DFECD44B9A1}.Release|Any CPU.Build.0 = Release|Any CPU
		{A110FD78-EFF7-4EC6-A923-2DFECD44B9A1}.Release|x64.ActiveCfg = Release|Any CPU
		{A110FD78-EFF7-4EC6-A923-2DFECD44B9A1}.Release|x64.Build.0 = Release|Any CPU
		{A110FD78-EFF7-4EC6-A923-2DFECD44B9A1}.Release|x86.ActiveCfg = Release|Any CPU
		{A110FD78-EFF7-4EC6-A923-2DFECD44B9A1}.Release|x86.Build.0 = Release|Any CPU
		{5E3511A7-4AAA-49D2-9DA4-C8577FA0E278}.Debug|Any CPU.ActiveCfg = Debug|Any CPU
		{5E3511A7-4AAA-49D2-9DA4-C8577FA0E278}.Debug|Any CPU.Build.0 = Debug|Any CPU
		{5E3511A7-4AAA-49D2-9DA4-C8577FA0E278}.Debug|x64.ActiveCfg = Debug|Any CPU
		{5E3511A7-4AAA-49D2-9DA4-C8577FA0E278}.Debug|x64.Build.0 = Debug|Any CPU
		{5E3511A7-4AAA-49D2-9DA4-C8577FA0E278}.Debug|x86.ActiveCfg = Debug|Any CPU
		{5E3511A7-4AAA-49D2-9DA4-C8577FA0E278}.Debug|x86.Build.0 = Debug|Any CPU
		{5E3511A7-4AAA-49D2-9DA4-C8577FA0E278}.Release|Any CPU.ActiveCfg = Release|Any CPU
		{5E3511A7-4AAA-49D2-9DA4-C8577FA0E278}.Release|Any CPU.Build.0 = Release|Any CPU
		{5E3511A7-4AAA-49D2-9DA4-C8577FA0E278}.Release|x64.ActiveCfg = Release|Any CPU
		{5E3511A7-4AAA-49D2-9DA4-C8577FA0E278}.Release|x64.Build.0 = Release|Any CPU
		{5E3511A7-4AAA-49D2-9DA4-C8577FA0E278}.Release|x86.ActiveCfg = Release|Any CPU
		{5E3511A7-4AAA-49D2-9DA4-C8577FA0E278}.Release|x86.Build.0 = Release|Any CPU
		{67D70988-0FAF-43EA-A479-F7C5E9620419}.Debug|Any CPU.ActiveCfg = Debug|Any CPU
		{67D70988-0FAF-43EA-A479-F7C5E9620419}.Debug|Any CPU.Build.0 = Debug|Any CPU
		{67D70988-0FAF-43EA-A479-F7C5E9620419}.Debug|x64.ActiveCfg = Debug|Any CPU
		{67D70988-0FAF-43EA-A479-F7C5E9620419}.Debug|x64.Build.0 = Debug|Any CPU
		{67D70988-0FAF-43EA-A479-F7C5E9620419}.Debug|x86.ActiveCfg = Debug|Any CPU
		{67D70988-0FAF-43EA-A479-F7C5E9620419}.Debug|x86.Build.0 = Debug|Any CPU
		{67D70988-0FAF-43EA-A479-F7C5E9620419}.Release|Any CPU.ActiveCfg = Release|Any CPU
		{67D70988-0FAF-43EA-A479-F7C5E9620419}.Release|Any CPU.Build.0 = Release|Any CPU
		{67D70988-0FAF-43EA-A479-F7C5E9620419}.Release|x64.ActiveCfg = Release|Any CPU
		{67D70988-0FAF-43EA-A479-F7C5E9620419}.Release|x64.Build.0 = Release|Any CPU
		{67D70988-0FAF-43EA-A479-F7C5E9620419}.Release|x86.ActiveCfg = Release|Any CPU
		{67D70988-0FAF-43EA-A479-F7C5E9620419}.Release|x86.Build.0 = Release|Any CPU
		{555CD2E1-6635-46FF-B09C-D6B2A07B1C20}.Debug|Any CPU.ActiveCfg = Debug|Any CPU
		{555CD2E1-6635-46FF-B09C-D6B2A07B1C20}.Debug|Any CPU.Build.0 = Debug|Any CPU
		{555CD2E1-6635-46FF-B09C-D6B2A07B1C20}.Debug|x64.ActiveCfg = Debug|Any CPU
		{555CD2E1-6635-46FF-B09C-D6B2A07B1C20}.Debug|x64.Build.0 = Debug|Any CPU
		{555CD2E1-6635-46FF-B09C-D6B2A07B1C20}.Debug|x86.ActiveCfg = Debug|Any CPU
		{555CD2E1-6635-46FF-B09C-D6B2A07B1C20}.Debug|x86.Build.0 = Debug|Any CPU
		{555CD2E1-6635-46FF-B09C-D6B2A07B1C20}.Release|Any CPU.ActiveCfg = Release|Any CPU
		{555CD2E1-6635-46FF-B09C-D6B2A07B1C20}.Release|Any CPU.Build.0 = Release|Any CPU
		{555CD2E1-6635-46FF-B09C-D6B2A07B1C20}.Release|x64.ActiveCfg = Release|Any CPU
		{555CD2E1-6635-46FF-B09C-D6B2A07B1C20}.Release|x64.Build.0 = Release|Any CPU
		{555CD2E1-6635-46FF-B09C-D6B2A07B1C20}.Release|x86.ActiveCfg = Release|Any CPU
		{555CD2E1-6635-46FF-B09C-D6B2A07B1C20}.Release|x86.Build.0 = Release|Any CPU
		{DD069073-8C51-4DEF-9D29-C583BFB3E3CC}.Debug|Any CPU.ActiveCfg = Debug|Any CPU
		{DD069073-8C51-4DEF-9D29-C583BFB3E3CC}.Debug|Any CPU.Build.0 = Debug|Any CPU
		{DD069073-8C51-4DEF-9D29-C583BFB3E3CC}.Debug|x64.ActiveCfg = Debug|Any CPU
		{DD069073-8C51-4DEF-9D29-C583BFB3E3CC}.Debug|x64.Build.0 = Debug|Any CPU
		{DD069073-8C51-4DEF-9D29-C583BFB3E3CC}.Debug|x86.ActiveCfg = Debug|Any CPU
		{DD069073-8C51-4DEF-9D29-C583BFB3E3CC}.Debug|x86.Build.0 = Debug|Any CPU
		{DD069073-8C51-4DEF-9D29-C583BFB3E3CC}.Release|Any CPU.ActiveCfg = Release|Any CPU
		{DD069073-8C51-4DEF-9D29-C583BFB3E3CC}.Release|Any CPU.Build.0 = Release|Any CPU
		{DD069073-8C51-4DEF-9D29-C583BFB3E3CC}.Release|x64.ActiveCfg = Release|Any CPU
		{DD069073-8C51-4DEF-9D29-C583BFB3E3CC}.Release|x64.Build.0 = Release|Any CPU
		{DD069073-8C51-4DEF-9D29-C583BFB3E3CC}.Release|x86.ActiveCfg = Release|Any CPU
		{DD069073-8C51-4DEF-9D29-C583BFB3E3CC}.Release|x86.Build.0 = Release|Any CPU
		{641E6711-673C-4154-8BAB-3B6B29F3BD6D}.Debug|Any CPU.ActiveCfg = Debug|Any CPU
		{641E6711-673C-4154-8BAB-3B6B29F3BD6D}.Debug|Any CPU.Build.0 = Debug|Any CPU
		{641E6711-673C-4154-8BAB-3B6B29F3BD6D}.Debug|x64.ActiveCfg = Debug|Any CPU
		{641E6711-673C-4154-8BAB-3B6B29F3BD6D}.Debug|x64.Build.0 = Debug|Any CPU
		{641E6711-673C-4154-8BAB-3B6B29F3BD6D}.Debug|x86.ActiveCfg = Debug|Any CPU
		{641E6711-673C-4154-8BAB-3B6B29F3BD6D}.Debug|x86.Build.0 = Debug|Any CPU
		{641E6711-673C-4154-8BAB-3B6B29F3BD6D}.Release|Any CPU.ActiveCfg = Release|Any CPU
		{641E6711-673C-4154-8BAB-3B6B29F3BD6D}.Release|Any CPU.Build.0 = Release|Any CPU
		{641E6711-673C-4154-8BAB-3B6B29F3BD6D}.Release|x64.ActiveCfg = Release|Any CPU
		{641E6711-673C-4154-8BAB-3B6B29F3BD6D}.Release|x64.Build.0 = Release|Any CPU
		{641E6711-673C-4154-8BAB-3B6B29F3BD6D}.Release|x86.ActiveCfg = Release|Any CPU
		{641E6711-673C-4154-8BAB-3B6B29F3BD6D}.Release|x86.Build.0 = Release|Any CPU
		{330B3C1C-DC57-4D57-B479-14CA96FDFCA5}.Debug|Any CPU.ActiveCfg = Debug|Any CPU
		{330B3C1C-DC57-4D57-B479-14CA96FDFCA5}.Debug|Any CPU.Build.0 = Debug|Any CPU
		{330B3C1C-DC57-4D57-B479-14CA96FDFCA5}.Debug|x64.ActiveCfg = Debug|Any CPU
		{330B3C1C-DC57-4D57-B479-14CA96FDFCA5}.Debug|x64.Build.0 = Debug|Any CPU
		{330B3C1C-DC57-4D57-B479-14CA96FDFCA5}.Debug|x86.ActiveCfg = Debug|Any CPU
		{330B3C1C-DC57-4D57-B479-14CA96FDFCA5}.Debug|x86.Build.0 = Debug|Any CPU
		{330B3C1C-DC57-4D57-B479-14CA96FDFCA5}.Release|Any CPU.ActiveCfg = Release|Any CPU
		{330B3C1C-DC57-4D57-B479-14CA96FDFCA5}.Release|Any CPU.Build.0 = Release|Any CPU
		{330B3C1C-DC57-4D57-B479-14CA96FDFCA5}.Release|x64.ActiveCfg = Release|Any CPU
		{330B3C1C-DC57-4D57-B479-14CA96FDFCA5}.Release|x64.Build.0 = Release|Any CPU
		{330B3C1C-DC57-4D57-B479-14CA96FDFCA5}.Release|x86.ActiveCfg = Release|Any CPU
		{330B3C1C-DC57-4D57-B479-14CA96FDFCA5}.Release|x86.Build.0 = Release|Any CPU
		{BD07F634-5E8E-4403-8B3E-8475CB6C6F3B}.Debug|Any CPU.ActiveCfg = Debug|Any CPU
		{BD07F634-5E8E-4403-8B3E-8475CB6C6F3B}.Debug|Any CPU.Build.0 = Debug|Any CPU
		{BD07F634-5E8E-4403-8B3E-8475CB6C6F3B}.Debug|x64.ActiveCfg = Debug|Any CPU
		{BD07F634-5E8E-4403-8B3E-8475CB6C6F3B}.Debug|x64.Build.0 = Debug|Any CPU
		{BD07F634-5E8E-4403-8B3E-8475CB6C6F3B}.Debug|x86.ActiveCfg = Debug|Any CPU
		{BD07F634-5E8E-4403-8B3E-8475CB6C6F3B}.Debug|x86.Build.0 = Debug|Any CPU
		{BD07F634-5E8E-4403-8B3E-8475CB6C6F3B}.Release|Any CPU.ActiveCfg = Release|Any CPU
		{BD07F634-5E8E-4403-8B3E-8475CB6C6F3B}.Release|Any CPU.Build.0 = Release|Any CPU
		{BD07F634-5E8E-4403-8B3E-8475CB6C6F3B}.Release|x64.ActiveCfg = Release|Any CPU
		{BD07F634-5E8E-4403-8B3E-8475CB6C6F3B}.Release|x64.Build.0 = Release|Any CPU
		{BD07F634-5E8E-4403-8B3E-8475CB6C6F3B}.Release|x86.ActiveCfg = Release|Any CPU
		{BD07F634-5E8E-4403-8B3E-8475CB6C6F3B}.Release|x86.Build.0 = Release|Any CPU
		{2EF5EDBD-A2A1-4E2A-A57F-915131615DD2}.Debug|Any CPU.ActiveCfg = Debug|Any CPU
		{2EF5EDBD-A2A1-4E2A-A57F-915131615DD2}.Debug|Any CPU.Build.0 = Debug|Any CPU
		{2EF5EDBD-A2A1-4E2A-A57F-915131615DD2}.Debug|x64.ActiveCfg = Debug|Any CPU
		{2EF5EDBD-A2A1-4E2A-A57F-915131615DD2}.Debug|x64.Build.0 = Debug|Any CPU
		{2EF5EDBD-A2A1-4E2A-A57F-915131615DD2}.Debug|x86.ActiveCfg = Debug|Any CPU
		{2EF5EDBD-A2A1-4E2A-A57F-915131615DD2}.Debug|x86.Build.0 = Debug|Any CPU
		{2EF5EDBD-A2A1-4E2A-A57F-915131615DD2}.Release|Any CPU.ActiveCfg = Release|Any CPU
		{2EF5EDBD-A2A1-4E2A-A57F-915131615DD2}.Release|Any CPU.Build.0 = Release|Any CPU
		{2EF5EDBD-A2A1-4E2A-A57F-915131615DD2}.Release|x64.ActiveCfg = Release|Any CPU
		{2EF5EDBD-A2A1-4E2A-A57F-915131615DD2}.Release|x64.Build.0 = Release|Any CPU
		{2EF5EDBD-A2A1-4E2A-A57F-915131615DD2}.Release|x86.ActiveCfg = Release|Any CPU
		{2EF5EDBD-A2A1-4E2A-A57F-915131615DD2}.Release|x86.Build.0 = Release|Any CPU
		{F01674C8-2114-4CB8-BB87-6E85E07090F9}.Debug|Any CPU.ActiveCfg = Debug|Any CPU
		{F01674C8-2114-4CB8-BB87-6E85E07090F9}.Debug|Any CPU.Build.0 = Debug|Any CPU
		{F01674C8-2114-4CB8-BB87-6E85E07090F9}.Debug|x64.ActiveCfg = Debug|Any CPU
		{F01674C8-2114-4CB8-BB87-6E85E07090F9}.Debug|x64.Build.0 = Debug|Any CPU
		{F01674C8-2114-4CB8-BB87-6E85E07090F9}.Debug|x86.ActiveCfg = Debug|Any CPU
		{F01674C8-2114-4CB8-BB87-6E85E07090F9}.Debug|x86.Build.0 = Debug|Any CPU
		{F01674C8-2114-4CB8-BB87-6E85E07090F9}.Release|Any CPU.ActiveCfg = Release|Any CPU
		{F01674C8-2114-4CB8-BB87-6E85E07090F9}.Release|Any CPU.Build.0 = Release|Any CPU
		{F01674C8-2114-4CB8-BB87-6E85E07090F9}.Release|x64.ActiveCfg = Release|Any CPU
		{F01674C8-2114-4CB8-BB87-6E85E07090F9}.Release|x64.Build.0 = Release|Any CPU
		{F01674C8-2114-4CB8-BB87-6E85E07090F9}.Release|x86.ActiveCfg = Release|Any CPU
		{F01674C8-2114-4CB8-BB87-6E85E07090F9}.Release|x86.Build.0 = Release|Any CPU
		{B69F1BCB-4D51-476F-9CBD-01656209FB5A}.Debug|Any CPU.ActiveCfg = Debug|Any CPU
		{B69F1BCB-4D51-476F-9CBD-01656209FB5A}.Debug|Any CPU.Build.0 = Debug|Any CPU
		{B69F1BCB-4D51-476F-9CBD-01656209FB5A}.Debug|x64.ActiveCfg = Debug|Any CPU
		{B69F1BCB-4D51-476F-9CBD-01656209FB5A}.Debug|x64.Build.0 = Debug|Any CPU
		{B69F1BCB-4D51-476F-9CBD-01656209FB5A}.Debug|x86.ActiveCfg = Debug|Any CPU
		{B69F1BCB-4D51-476F-9CBD-01656209FB5A}.Debug|x86.Build.0 = Debug|Any CPU
		{B69F1BCB-4D51-476F-9CBD-01656209FB5A}.Release|Any CPU.ActiveCfg = Release|Any CPU
		{B69F1BCB-4D51-476F-9CBD-01656209FB5A}.Release|Any CPU.Build.0 = Release|Any CPU
		{B69F1BCB-4D51-476F-9CBD-01656209FB5A}.Release|x64.ActiveCfg = Release|Any CPU
		{B69F1BCB-4D51-476F-9CBD-01656209FB5A}.Release|x64.Build.0 = Release|Any CPU
		{B69F1BCB-4D51-476F-9CBD-01656209FB5A}.Release|x86.ActiveCfg = Release|Any CPU
		{B69F1BCB-4D51-476F-9CBD-01656209FB5A}.Release|x86.Build.0 = Release|Any CPU
		{DC477D46-385A-4CCF-90F3-DD7DE63EC4D2}.Debug|Any CPU.ActiveCfg = Debug|Any CPU
		{DC477D46-385A-4CCF-90F3-DD7DE63EC4D2}.Debug|Any CPU.Build.0 = Debug|Any CPU
		{DC477D46-385A-4CCF-90F3-DD7DE63EC4D2}.Debug|x64.ActiveCfg = Debug|Any CPU
		{DC477D46-385A-4CCF-90F3-DD7DE63EC4D2}.Debug|x64.Build.0 = Debug|Any CPU
		{DC477D46-385A-4CCF-90F3-DD7DE63EC4D2}.Debug|x86.ActiveCfg = Debug|Any CPU
		{DC477D46-385A-4CCF-90F3-DD7DE63EC4D2}.Debug|x86.Build.0 = Debug|Any CPU
		{DC477D46-385A-4CCF-90F3-DD7DE63EC4D2}.Release|Any CPU.ActiveCfg = Release|Any CPU
		{DC477D46-385A-4CCF-90F3-DD7DE63EC4D2}.Release|Any CPU.Build.0 = Release|Any CPU
		{DC477D46-385A-4CCF-90F3-DD7DE63EC4D2}.Release|x64.ActiveCfg = Release|Any CPU
		{DC477D46-385A-4CCF-90F3-DD7DE63EC4D2}.Release|x64.Build.0 = Release|Any CPU
		{DC477D46-385A-4CCF-90F3-DD7DE63EC4D2}.Release|x86.ActiveCfg = Release|Any CPU
		{DC477D46-385A-4CCF-90F3-DD7DE63EC4D2}.Release|x86.Build.0 = Release|Any CPU
		{5E5CD913-B7F0-4275-806F-453F7E36BFCB}.Debug|Any CPU.ActiveCfg = Debug|Any CPU
		{5E5CD913-B7F0-4275-806F-453F7E36BFCB}.Debug|Any CPU.Build.0 = Debug|Any CPU
		{5E5CD913-B7F0-4275-806F-453F7E36BFCB}.Debug|x64.ActiveCfg = Debug|Any CPU
		{5E5CD913-B7F0-4275-806F-453F7E36BFCB}.Debug|x64.Build.0 = Debug|Any CPU
		{5E5CD913-B7F0-4275-806F-453F7E36BFCB}.Debug|x86.ActiveCfg = Debug|Any CPU
		{5E5CD913-B7F0-4275-806F-453F7E36BFCB}.Debug|x86.Build.0 = Debug|Any CPU
		{5E5CD913-B7F0-4275-806F-453F7E36BFCB}.Release|Any CPU.ActiveCfg = Release|Any CPU
		{5E5CD913-B7F0-4275-806F-453F7E36BFCB}.Release|Any CPU.Build.0 = Release|Any CPU
		{5E5CD913-B7F0-4275-806F-453F7E36BFCB}.Release|x64.ActiveCfg = Release|Any CPU
		{5E5CD913-B7F0-4275-806F-453F7E36BFCB}.Release|x64.Build.0 = Release|Any CPU
		{5E5CD913-B7F0-4275-806F-453F7E36BFCB}.Release|x86.ActiveCfg = Release|Any CPU
		{5E5CD913-B7F0-4275-806F-453F7E36BFCB}.Release|x86.Build.0 = Release|Any CPU
		{CB7B4C42-72DC-463A-9031-CC09216E4333}.Debug|Any CPU.ActiveCfg = Debug|Any CPU
		{CB7B4C42-72DC-463A-9031-CC09216E4333}.Debug|Any CPU.Build.0 = Debug|Any CPU
		{CB7B4C42-72DC-463A-9031-CC09216E4333}.Debug|x64.ActiveCfg = Debug|Any CPU
		{CB7B4C42-72DC-463A-9031-CC09216E4333}.Debug|x64.Build.0 = Debug|Any CPU
		{CB7B4C42-72DC-463A-9031-CC09216E4333}.Debug|x86.ActiveCfg = Debug|Any CPU
		{CB7B4C42-72DC-463A-9031-CC09216E4333}.Debug|x86.Build.0 = Debug|Any CPU
		{CB7B4C42-72DC-463A-9031-CC09216E4333}.Release|Any CPU.ActiveCfg = Release|Any CPU
		{CB7B4C42-72DC-463A-9031-CC09216E4333}.Release|Any CPU.Build.0 = Release|Any CPU
		{CB7B4C42-72DC-463A-9031-CC09216E4333}.Release|x64.ActiveCfg = Release|Any CPU
		{CB7B4C42-72DC-463A-9031-CC09216E4333}.Release|x64.Build.0 = Release|Any CPU
		{CB7B4C42-72DC-463A-9031-CC09216E4333}.Release|x86.ActiveCfg = Release|Any CPU
		{CB7B4C42-72DC-463A-9031-CC09216E4333}.Release|x86.Build.0 = Release|Any CPU
		{B6044595-B84F-4EB3-805D-6888968DFDE6}.Debug|Any CPU.ActiveCfg = Debug|Any CPU
		{B6044595-B84F-4EB3-805D-6888968DFDE6}.Debug|Any CPU.Build.0 = Debug|Any CPU
		{B6044595-B84F-4EB3-805D-6888968DFDE6}.Debug|x64.ActiveCfg = Debug|Any CPU
		{B6044595-B84F-4EB3-805D-6888968DFDE6}.Debug|x64.Build.0 = Debug|Any CPU
		{B6044595-B84F-4EB3-805D-6888968DFDE6}.Debug|x86.ActiveCfg = Debug|Any CPU
		{B6044595-B84F-4EB3-805D-6888968DFDE6}.Debug|x86.Build.0 = Debug|Any CPU
		{B6044595-B84F-4EB3-805D-6888968DFDE6}.Release|Any CPU.ActiveCfg = Release|Any CPU
		{B6044595-B84F-4EB3-805D-6888968DFDE6}.Release|Any CPU.Build.0 = Release|Any CPU
		{B6044595-B84F-4EB3-805D-6888968DFDE6}.Release|x64.ActiveCfg = Release|Any CPU
		{B6044595-B84F-4EB3-805D-6888968DFDE6}.Release|x64.Build.0 = Release|Any CPU
		{B6044595-B84F-4EB3-805D-6888968DFDE6}.Release|x86.ActiveCfg = Release|Any CPU
		{B6044595-B84F-4EB3-805D-6888968DFDE6}.Release|x86.Build.0 = Release|Any CPU
		{CA743DAA-A96C-4CC6-93FB-A3579D96FE8A}.Debug|Any CPU.ActiveCfg = Debug|Any CPU
		{CA743DAA-A96C-4CC6-93FB-A3579D96FE8A}.Debug|Any CPU.Build.0 = Debug|Any CPU
		{CA743DAA-A96C-4CC6-93FB-A3579D96FE8A}.Debug|x64.ActiveCfg = Debug|Any CPU
		{CA743DAA-A96C-4CC6-93FB-A3579D96FE8A}.Debug|x64.Build.0 = Debug|Any CPU
		{CA743DAA-A96C-4CC6-93FB-A3579D96FE8A}.Debug|x86.ActiveCfg = Debug|Any CPU
		{CA743DAA-A96C-4CC6-93FB-A3579D96FE8A}.Debug|x86.Build.0 = Debug|Any CPU
		{CA743DAA-A96C-4CC6-93FB-A3579D96FE8A}.Release|Any CPU.ActiveCfg = Release|Any CPU
		{CA743DAA-A96C-4CC6-93FB-A3579D96FE8A}.Release|Any CPU.Build.0 = Release|Any CPU
		{CA743DAA-A96C-4CC6-93FB-A3579D96FE8A}.Release|x64.ActiveCfg = Release|Any CPU
		{CA743DAA-A96C-4CC6-93FB-A3579D96FE8A}.Release|x64.Build.0 = Release|Any CPU
		{CA743DAA-A96C-4CC6-93FB-A3579D96FE8A}.Release|x86.ActiveCfg = Release|Any CPU
		{CA743DAA-A96C-4CC6-93FB-A3579D96FE8A}.Release|x86.Build.0 = Release|Any CPU
		{CCEA5FAB-C3AF-488B-AC97-BA13E9E59234}.Debug|Any CPU.ActiveCfg = Debug|Any CPU
		{CCEA5FAB-C3AF-488B-AC97-BA13E9E59234}.Debug|Any CPU.Build.0 = Debug|Any CPU
		{CCEA5FAB-C3AF-488B-AC97-BA13E9E59234}.Debug|x64.ActiveCfg = Debug|Any CPU
		{CCEA5FAB-C3AF-488B-AC97-BA13E9E59234}.Debug|x64.Build.0 = Debug|Any CPU
		{CCEA5FAB-C3AF-488B-AC97-BA13E9E59234}.Debug|x86.ActiveCfg = Debug|Any CPU
		{CCEA5FAB-C3AF-488B-AC97-BA13E9E59234}.Debug|x86.Build.0 = Debug|Any CPU
		{CCEA5FAB-C3AF-488B-AC97-BA13E9E59234}.Release|Any CPU.ActiveCfg = Release|Any CPU
		{CCEA5FAB-C3AF-488B-AC97-BA13E9E59234}.Release|Any CPU.Build.0 = Release|Any CPU
		{CCEA5FAB-C3AF-488B-AC97-BA13E9E59234}.Release|x64.ActiveCfg = Release|Any CPU
		{CCEA5FAB-C3AF-488B-AC97-BA13E9E59234}.Release|x64.Build.0 = Release|Any CPU
		{CCEA5FAB-C3AF-488B-AC97-BA13E9E59234}.Release|x86.ActiveCfg = Release|Any CPU
		{CCEA5FAB-C3AF-488B-AC97-BA13E9E59234}.Release|x86.Build.0 = Release|Any CPU
		{309ECE7A-72CE-483B-8468-BE42CC79F252}.Debug|Any CPU.ActiveCfg = Debug|Any CPU
		{309ECE7A-72CE-483B-8468-BE42CC79F252}.Debug|Any CPU.Build.0 = Debug|Any CPU
		{309ECE7A-72CE-483B-8468-BE42CC79F252}.Debug|x64.ActiveCfg = Debug|Any CPU
		{309ECE7A-72CE-483B-8468-BE42CC79F252}.Debug|x64.Build.0 = Debug|Any CPU
		{309ECE7A-72CE-483B-8468-BE42CC79F252}.Debug|x86.ActiveCfg = Debug|Any CPU
		{309ECE7A-72CE-483B-8468-BE42CC79F252}.Debug|x86.Build.0 = Debug|Any CPU
		{309ECE7A-72CE-483B-8468-BE42CC79F252}.Release|Any CPU.ActiveCfg = Release|Any CPU
		{309ECE7A-72CE-483B-8468-BE42CC79F252}.Release|Any CPU.Build.0 = Release|Any CPU
		{309ECE7A-72CE-483B-8468-BE42CC79F252}.Release|x64.ActiveCfg = Release|Any CPU
		{309ECE7A-72CE-483B-8468-BE42CC79F252}.Release|x64.Build.0 = Release|Any CPU
		{309ECE7A-72CE-483B-8468-BE42CC79F252}.Release|x86.ActiveCfg = Release|Any CPU
		{309ECE7A-72CE-483B-8468-BE42CC79F252}.Release|x86.Build.0 = Release|Any CPU
		{1969D098-4E87-4ECA-A4ED-988EEBCF3A32}.Debug|Any CPU.ActiveCfg = Debug|Any CPU
		{1969D098-4E87-4ECA-A4ED-988EEBCF3A32}.Debug|Any CPU.Build.0 = Debug|Any CPU
		{1969D098-4E87-4ECA-A4ED-988EEBCF3A32}.Debug|x64.ActiveCfg = Debug|Any CPU
		{1969D098-4E87-4ECA-A4ED-988EEBCF3A32}.Debug|x64.Build.0 = Debug|Any CPU
		{1969D098-4E87-4ECA-A4ED-988EEBCF3A32}.Debug|x86.ActiveCfg = Debug|Any CPU
		{1969D098-4E87-4ECA-A4ED-988EEBCF3A32}.Debug|x86.Build.0 = Debug|Any CPU
		{1969D098-4E87-4ECA-A4ED-988EEBCF3A32}.Release|Any CPU.ActiveCfg = Release|Any CPU
		{1969D098-4E87-4ECA-A4ED-988EEBCF3A32}.Release|Any CPU.Build.0 = Release|Any CPU
		{1969D098-4E87-4ECA-A4ED-988EEBCF3A32}.Release|x64.ActiveCfg = Release|Any CPU
		{1969D098-4E87-4ECA-A4ED-988EEBCF3A32}.Release|x64.Build.0 = Release|Any CPU
		{1969D098-4E87-4ECA-A4ED-988EEBCF3A32}.Release|x86.ActiveCfg = Release|Any CPU
		{1969D098-4E87-4ECA-A4ED-988EEBCF3A32}.Release|x86.Build.0 = Release|Any CPU
		{783DBBF5-0ADB-4664-957D-6204C45C15BD}.Debug|Any CPU.ActiveCfg = Debug|Any CPU
		{783DBBF5-0ADB-4664-957D-6204C45C15BD}.Debug|Any CPU.Build.0 = Debug|Any CPU
		{783DBBF5-0ADB-4664-957D-6204C45C15BD}.Debug|x64.ActiveCfg = Debug|Any CPU
		{783DBBF5-0ADB-4664-957D-6204C45C15BD}.Debug|x64.Build.0 = Debug|Any CPU
		{783DBBF5-0ADB-4664-957D-6204C45C15BD}.Debug|x86.ActiveCfg = Debug|Any CPU
		{783DBBF5-0ADB-4664-957D-6204C45C15BD}.Debug|x86.Build.0 = Debug|Any CPU
		{783DBBF5-0ADB-4664-957D-6204C45C15BD}.Release|Any CPU.ActiveCfg = Release|Any CPU
		{783DBBF5-0ADB-4664-957D-6204C45C15BD}.Release|Any CPU.Build.0 = Release|Any CPU
		{783DBBF5-0ADB-4664-957D-6204C45C15BD}.Release|x64.ActiveCfg = Release|Any CPU
		{783DBBF5-0ADB-4664-957D-6204C45C15BD}.Release|x64.Build.0 = Release|Any CPU
		{783DBBF5-0ADB-4664-957D-6204C45C15BD}.Release|x86.ActiveCfg = Release|Any CPU
		{783DBBF5-0ADB-4664-957D-6204C45C15BD}.Release|x86.Build.0 = Release|Any CPU
		{EA0CC8B9-F7C4-47A6-B976-537DD64607FC}.Debug|Any CPU.ActiveCfg = Debug|Any CPU
		{EA0CC8B9-F7C4-47A6-B976-537DD64607FC}.Debug|Any CPU.Build.0 = Debug|Any CPU
		{EA0CC8B9-F7C4-47A6-B976-537DD64607FC}.Debug|x64.ActiveCfg = Debug|Any CPU
		{EA0CC8B9-F7C4-47A6-B976-537DD64607FC}.Debug|x64.Build.0 = Debug|Any CPU
		{EA0CC8B9-F7C4-47A6-B976-537DD64607FC}.Debug|x86.ActiveCfg = Debug|Any CPU
		{EA0CC8B9-F7C4-47A6-B976-537DD64607FC}.Debug|x86.Build.0 = Debug|Any CPU
		{EA0CC8B9-F7C4-47A6-B976-537DD64607FC}.Release|Any CPU.ActiveCfg = Release|Any CPU
		{EA0CC8B9-F7C4-47A6-B976-537DD64607FC}.Release|Any CPU.Build.0 = Release|Any CPU
		{EA0CC8B9-F7C4-47A6-B976-537DD64607FC}.Release|x64.ActiveCfg = Release|Any CPU
		{EA0CC8B9-F7C4-47A6-B976-537DD64607FC}.Release|x64.Build.0 = Release|Any CPU
		{EA0CC8B9-F7C4-47A6-B976-537DD64607FC}.Release|x86.ActiveCfg = Release|Any CPU
		{EA0CC8B9-F7C4-47A6-B976-537DD64607FC}.Release|x86.Build.0 = Release|Any CPU
		{E9915488-25B1-488A-BB12-80F2C50B85A8}.Debug|Any CPU.ActiveCfg = Debug|Any CPU
		{E9915488-25B1-488A-BB12-80F2C50B85A8}.Debug|Any CPU.Build.0 = Debug|Any CPU
		{E9915488-25B1-488A-BB12-80F2C50B85A8}.Debug|x64.ActiveCfg = Debug|Any CPU
		{E9915488-25B1-488A-BB12-80F2C50B85A8}.Debug|x64.Build.0 = Debug|Any CPU
		{E9915488-25B1-488A-BB12-80F2C50B85A8}.Debug|x86.ActiveCfg = Debug|Any CPU
		{E9915488-25B1-488A-BB12-80F2C50B85A8}.Debug|x86.Build.0 = Debug|Any CPU
		{E9915488-25B1-488A-BB12-80F2C50B85A8}.Release|Any CPU.ActiveCfg = Release|Any CPU
		{E9915488-25B1-488A-BB12-80F2C50B85A8}.Release|Any CPU.Build.0 = Release|Any CPU
		{E9915488-25B1-488A-BB12-80F2C50B85A8}.Release|x64.ActiveCfg = Release|Any CPU
		{E9915488-25B1-488A-BB12-80F2C50B85A8}.Release|x64.Build.0 = Release|Any CPU
		{E9915488-25B1-488A-BB12-80F2C50B85A8}.Release|x86.ActiveCfg = Release|Any CPU
		{E9915488-25B1-488A-BB12-80F2C50B85A8}.Release|x86.Build.0 = Release|Any CPU
		{83D414C4-1CC3-408C-9A09-8A6E684D1271}.Debug|Any CPU.ActiveCfg = Debug|Any CPU
		{83D414C4-1CC3-408C-9A09-8A6E684D1271}.Debug|Any CPU.Build.0 = Debug|Any CPU
		{83D414C4-1CC3-408C-9A09-8A6E684D1271}.Debug|x64.ActiveCfg = Debug|Any CPU
		{83D414C4-1CC3-408C-9A09-8A6E684D1271}.Debug|x64.Build.0 = Debug|Any CPU
		{83D414C4-1CC3-408C-9A09-8A6E684D1271}.Debug|x86.ActiveCfg = Debug|Any CPU
		{83D414C4-1CC3-408C-9A09-8A6E684D1271}.Debug|x86.Build.0 = Debug|Any CPU
		{83D414C4-1CC3-408C-9A09-8A6E684D1271}.Release|Any CPU.ActiveCfg = Release|Any CPU
		{83D414C4-1CC3-408C-9A09-8A6E684D1271}.Release|Any CPU.Build.0 = Release|Any CPU
		{83D414C4-1CC3-408C-9A09-8A6E684D1271}.Release|x64.ActiveCfg = Release|Any CPU
		{83D414C4-1CC3-408C-9A09-8A6E684D1271}.Release|x64.Build.0 = Release|Any CPU
		{83D414C4-1CC3-408C-9A09-8A6E684D1271}.Release|x86.ActiveCfg = Release|Any CPU
		{83D414C4-1CC3-408C-9A09-8A6E684D1271}.Release|x86.Build.0 = Release|Any CPU
		{2BC9738C-7AAB-4F89-BF59-C54665795403}.Debug|Any CPU.ActiveCfg = Debug|Any CPU
		{2BC9738C-7AAB-4F89-BF59-C54665795403}.Debug|Any CPU.Build.0 = Debug|Any CPU
		{2BC9738C-7AAB-4F89-BF59-C54665795403}.Debug|x64.ActiveCfg = Debug|Any CPU
		{2BC9738C-7AAB-4F89-BF59-C54665795403}.Debug|x64.Build.0 = Debug|Any CPU
		{2BC9738C-7AAB-4F89-BF59-C54665795403}.Debug|x86.ActiveCfg = Debug|Any CPU
		{2BC9738C-7AAB-4F89-BF59-C54665795403}.Debug|x86.Build.0 = Debug|Any CPU
		{2BC9738C-7AAB-4F89-BF59-C54665795403}.Release|Any CPU.ActiveCfg = Release|Any CPU
		{2BC9738C-7AAB-4F89-BF59-C54665795403}.Release|Any CPU.Build.0 = Release|Any CPU
		{2BC9738C-7AAB-4F89-BF59-C54665795403}.Release|x64.ActiveCfg = Release|Any CPU
		{2BC9738C-7AAB-4F89-BF59-C54665795403}.Release|x64.Build.0 = Release|Any CPU
		{2BC9738C-7AAB-4F89-BF59-C54665795403}.Release|x86.ActiveCfg = Release|Any CPU
		{2BC9738C-7AAB-4F89-BF59-C54665795403}.Release|x86.Build.0 = Release|Any CPU
		{DC6454DC-7DCB-4E0E-825A-3B14913CE609}.Debug|Any CPU.ActiveCfg = Debug|Any CPU
		{DC6454DC-7DCB-4E0E-825A-3B14913CE609}.Debug|Any CPU.Build.0 = Debug|Any CPU
		{DC6454DC-7DCB-4E0E-825A-3B14913CE609}.Debug|x64.ActiveCfg = Debug|Any CPU
		{DC6454DC-7DCB-4E0E-825A-3B14913CE609}.Debug|x64.Build.0 = Debug|Any CPU
		{DC6454DC-7DCB-4E0E-825A-3B14913CE609}.Debug|x86.ActiveCfg = Debug|Any CPU
		{DC6454DC-7DCB-4E0E-825A-3B14913CE609}.Debug|x86.Build.0 = Debug|Any CPU
		{DC6454DC-7DCB-4E0E-825A-3B14913CE609}.Release|Any CPU.ActiveCfg = Release|Any CPU
		{DC6454DC-7DCB-4E0E-825A-3B14913CE609}.Release|Any CPU.Build.0 = Release|Any CPU
		{DC6454DC-7DCB-4E0E-825A-3B14913CE609}.Release|x64.ActiveCfg = Release|Any CPU
		{DC6454DC-7DCB-4E0E-825A-3B14913CE609}.Release|x64.Build.0 = Release|Any CPU
		{DC6454DC-7DCB-4E0E-825A-3B14913CE609}.Release|x86.ActiveCfg = Release|Any CPU
		{DC6454DC-7DCB-4E0E-825A-3B14913CE609}.Release|x86.Build.0 = Release|Any CPU
		{B23C7E9D-1B43-4683-94D0-444AF4699DB5}.Debug|Any CPU.ActiveCfg = Debug|Any CPU
		{B23C7E9D-1B43-4683-94D0-444AF4699DB5}.Debug|Any CPU.Build.0 = Debug|Any CPU
		{B23C7E9D-1B43-4683-94D0-444AF4699DB5}.Debug|x64.ActiveCfg = Debug|Any CPU
		{B23C7E9D-1B43-4683-94D0-444AF4699DB5}.Debug|x64.Build.0 = Debug|Any CPU
		{B23C7E9D-1B43-4683-94D0-444AF4699DB5}.Debug|x86.ActiveCfg = Debug|Any CPU
		{B23C7E9D-1B43-4683-94D0-444AF4699DB5}.Debug|x86.Build.0 = Debug|Any CPU
		{B23C7E9D-1B43-4683-94D0-444AF4699DB5}.Release|Any CPU.ActiveCfg = Release|Any CPU
		{B23C7E9D-1B43-4683-94D0-444AF4699DB5}.Release|Any CPU.Build.0 = Release|Any CPU
		{B23C7E9D-1B43-4683-94D0-444AF4699DB5}.Release|x64.ActiveCfg = Release|Any CPU
		{B23C7E9D-1B43-4683-94D0-444AF4699DB5}.Release|x64.Build.0 = Release|Any CPU
		{B23C7E9D-1B43-4683-94D0-444AF4699DB5}.Release|x86.ActiveCfg = Release|Any CPU
		{B23C7E9D-1B43-4683-94D0-444AF4699DB5}.Release|x86.Build.0 = Release|Any CPU
		{6DC85055-34F8-4579-97FC-15E9BC2DD65C}.Debug|Any CPU.ActiveCfg = Debug|Any CPU
		{6DC85055-34F8-4579-97FC-15E9BC2DD65C}.Debug|Any CPU.Build.0 = Debug|Any CPU
		{6DC85055-34F8-4579-97FC-15E9BC2DD65C}.Debug|x64.ActiveCfg = Debug|Any CPU
		{6DC85055-34F8-4579-97FC-15E9BC2DD65C}.Debug|x64.Build.0 = Debug|Any CPU
		{6DC85055-34F8-4579-97FC-15E9BC2DD65C}.Debug|x86.ActiveCfg = Debug|Any CPU
		{6DC85055-34F8-4579-97FC-15E9BC2DD65C}.Debug|x86.Build.0 = Debug|Any CPU
		{6DC85055-34F8-4579-97FC-15E9BC2DD65C}.Release|Any CPU.ActiveCfg = Release|Any CPU
		{6DC85055-34F8-4579-97FC-15E9BC2DD65C}.Release|Any CPU.Build.0 = Release|Any CPU
		{6DC85055-34F8-4579-97FC-15E9BC2DD65C}.Release|x64.ActiveCfg = Release|Any CPU
		{6DC85055-34F8-4579-97FC-15E9BC2DD65C}.Release|x64.Build.0 = Release|Any CPU
		{6DC85055-34F8-4579-97FC-15E9BC2DD65C}.Release|x86.ActiveCfg = Release|Any CPU
		{6DC85055-34F8-4579-97FC-15E9BC2DD65C}.Release|x86.Build.0 = Release|Any CPU
		{F461E01D-D818-4450-801B-57645AA661CC}.Debug|Any CPU.ActiveCfg = Debug|Any CPU
		{F461E01D-D818-4450-801B-57645AA661CC}.Debug|Any CPU.Build.0 = Debug|Any CPU
		{F461E01D-D818-4450-801B-57645AA661CC}.Debug|x64.ActiveCfg = Debug|Any CPU
		{F461E01D-D818-4450-801B-57645AA661CC}.Debug|x64.Build.0 = Debug|Any CPU
		{F461E01D-D818-4450-801B-57645AA661CC}.Debug|x86.ActiveCfg = Debug|Any CPU
		{F461E01D-D818-4450-801B-57645AA661CC}.Debug|x86.Build.0 = Debug|Any CPU
		{F461E01D-D818-4450-801B-57645AA661CC}.Release|Any CPU.ActiveCfg = Release|Any CPU
		{F461E01D-D818-4450-801B-57645AA661CC}.Release|Any CPU.Build.0 = Release|Any CPU
		{F461E01D-D818-4450-801B-57645AA661CC}.Release|x64.ActiveCfg = Release|Any CPU
		{F461E01D-D818-4450-801B-57645AA661CC}.Release|x64.Build.0 = Release|Any CPU
		{F461E01D-D818-4450-801B-57645AA661CC}.Release|x86.ActiveCfg = Release|Any CPU
		{F461E01D-D818-4450-801B-57645AA661CC}.Release|x86.Build.0 = Release|Any CPU
		{1C3C38D4-4682-4727-A406-A97C4CFE9AD3}.Debug|Any CPU.ActiveCfg = Debug|Any CPU
		{1C3C38D4-4682-4727-A406-A97C4CFE9AD3}.Debug|Any CPU.Build.0 = Debug|Any CPU
		{1C3C38D4-4682-4727-A406-A97C4CFE9AD3}.Debug|x64.ActiveCfg = Debug|Any CPU
		{1C3C38D4-4682-4727-A406-A97C4CFE9AD3}.Debug|x64.Build.0 = Debug|Any CPU
		{1C3C38D4-4682-4727-A406-A97C4CFE9AD3}.Debug|x86.ActiveCfg = Debug|Any CPU
		{1C3C38D4-4682-4727-A406-A97C4CFE9AD3}.Debug|x86.Build.0 = Debug|Any CPU
		{1C3C38D4-4682-4727-A406-A97C4CFE9AD3}.Release|Any CPU.ActiveCfg = Release|Any CPU
		{1C3C38D4-4682-4727-A406-A97C4CFE9AD3}.Release|Any CPU.Build.0 = Release|Any CPU
		{1C3C38D4-4682-4727-A406-A97C4CFE9AD3}.Release|x64.ActiveCfg = Release|Any CPU
		{1C3C38D4-4682-4727-A406-A97C4CFE9AD3}.Release|x64.Build.0 = Release|Any CPU
		{1C3C38D4-4682-4727-A406-A97C4CFE9AD3}.Release|x86.ActiveCfg = Release|Any CPU
		{1C3C38D4-4682-4727-A406-A97C4CFE9AD3}.Release|x86.Build.0 = Release|Any CPU
		{3BEB2548-AFA4-4F60-A9E1-8047D60E5837}.Debug|Any CPU.ActiveCfg = Debug|Any CPU
		{3BEB2548-AFA4-4F60-A9E1-8047D60E5837}.Debug|Any CPU.Build.0 = Debug|Any CPU
		{3BEB2548-AFA4-4F60-A9E1-8047D60E5837}.Debug|x64.ActiveCfg = Debug|Any CPU
		{3BEB2548-AFA4-4F60-A9E1-8047D60E5837}.Debug|x64.Build.0 = Debug|Any CPU
		{3BEB2548-AFA4-4F60-A9E1-8047D60E5837}.Debug|x86.ActiveCfg = Debug|Any CPU
		{3BEB2548-AFA4-4F60-A9E1-8047D60E5837}.Debug|x86.Build.0 = Debug|Any CPU
		{3BEB2548-AFA4-4F60-A9E1-8047D60E5837}.Release|Any CPU.ActiveCfg = Release|Any CPU
		{3BEB2548-AFA4-4F60-A9E1-8047D60E5837}.Release|Any CPU.Build.0 = Release|Any CPU
		{3BEB2548-AFA4-4F60-A9E1-8047D60E5837}.Release|x64.ActiveCfg = Release|Any CPU
		{3BEB2548-AFA4-4F60-A9E1-8047D60E5837}.Release|x64.Build.0 = Release|Any CPU
		{3BEB2548-AFA4-4F60-A9E1-8047D60E5837}.Release|x86.ActiveCfg = Release|Any CPU
		{3BEB2548-AFA4-4F60-A9E1-8047D60E5837}.Release|x86.Build.0 = Release|Any CPU
		{4504EBA3-557F-4FB6-A165-1E5EDBA5B0B4}.Debug|Any CPU.ActiveCfg = Debug|Any CPU
		{4504EBA3-557F-4FB6-A165-1E5EDBA5B0B4}.Debug|Any CPU.Build.0 = Debug|Any CPU
		{4504EBA3-557F-4FB6-A165-1E5EDBA5B0B4}.Debug|x64.ActiveCfg = Debug|Any CPU
		{4504EBA3-557F-4FB6-A165-1E5EDBA5B0B4}.Debug|x64.Build.0 = Debug|Any CPU
		{4504EBA3-557F-4FB6-A165-1E5EDBA5B0B4}.Debug|x86.ActiveCfg = Debug|Any CPU
		{4504EBA3-557F-4FB6-A165-1E5EDBA5B0B4}.Debug|x86.Build.0 = Debug|Any CPU
		{4504EBA3-557F-4FB6-A165-1E5EDBA5B0B4}.Release|Any CPU.ActiveCfg = Release|Any CPU
		{4504EBA3-557F-4FB6-A165-1E5EDBA5B0B4}.Release|Any CPU.Build.0 = Release|Any CPU
		{4504EBA3-557F-4FB6-A165-1E5EDBA5B0B4}.Release|x64.ActiveCfg = Release|Any CPU
		{4504EBA3-557F-4FB6-A165-1E5EDBA5B0B4}.Release|x64.Build.0 = Release|Any CPU
		{4504EBA3-557F-4FB6-A165-1E5EDBA5B0B4}.Release|x86.ActiveCfg = Release|Any CPU
		{4504EBA3-557F-4FB6-A165-1E5EDBA5B0B4}.Release|x86.Build.0 = Release|Any CPU
		{203B8306-B5E2-45B6-90CB-0EFEA8C14ED2}.Debug|Any CPU.ActiveCfg = Debug|Any CPU
		{203B8306-B5E2-45B6-90CB-0EFEA8C14ED2}.Debug|Any CPU.Build.0 = Debug|Any CPU
		{203B8306-B5E2-45B6-90CB-0EFEA8C14ED2}.Debug|x64.ActiveCfg = Debug|Any CPU
		{203B8306-B5E2-45B6-90CB-0EFEA8C14ED2}.Debug|x64.Build.0 = Debug|Any CPU
		{203B8306-B5E2-45B6-90CB-0EFEA8C14ED2}.Debug|x86.ActiveCfg = Debug|Any CPU
		{203B8306-B5E2-45B6-90CB-0EFEA8C14ED2}.Debug|x86.Build.0 = Debug|Any CPU
		{203B8306-B5E2-45B6-90CB-0EFEA8C14ED2}.Release|Any CPU.ActiveCfg = Release|Any CPU
		{203B8306-B5E2-45B6-90CB-0EFEA8C14ED2}.Release|Any CPU.Build.0 = Release|Any CPU
		{203B8306-B5E2-45B6-90CB-0EFEA8C14ED2}.Release|x64.ActiveCfg = Release|Any CPU
		{203B8306-B5E2-45B6-90CB-0EFEA8C14ED2}.Release|x64.Build.0 = Release|Any CPU
		{203B8306-B5E2-45B6-90CB-0EFEA8C14ED2}.Release|x86.ActiveCfg = Release|Any CPU
		{203B8306-B5E2-45B6-90CB-0EFEA8C14ED2}.Release|x86.Build.0 = Release|Any CPU
		{062F815B-D042-4CD7-AF52-53EB56DD8F07}.Debug|Any CPU.ActiveCfg = Debug|Any CPU
		{062F815B-D042-4CD7-AF52-53EB56DD8F07}.Debug|Any CPU.Build.0 = Debug|Any CPU
		{062F815B-D042-4CD7-AF52-53EB56DD8F07}.Debug|x64.ActiveCfg = Debug|Any CPU
		{062F815B-D042-4CD7-AF52-53EB56DD8F07}.Debug|x64.Build.0 = Debug|Any CPU
		{062F815B-D042-4CD7-AF52-53EB56DD8F07}.Debug|x86.ActiveCfg = Debug|Any CPU
		{062F815B-D042-4CD7-AF52-53EB56DD8F07}.Debug|x86.Build.0 = Debug|Any CPU
		{062F815B-D042-4CD7-AF52-53EB56DD8F07}.Release|Any CPU.ActiveCfg = Release|Any CPU
		{062F815B-D042-4CD7-AF52-53EB56DD8F07}.Release|Any CPU.Build.0 = Release|Any CPU
		{062F815B-D042-4CD7-AF52-53EB56DD8F07}.Release|x64.ActiveCfg = Release|Any CPU
		{062F815B-D042-4CD7-AF52-53EB56DD8F07}.Release|x64.Build.0 = Release|Any CPU
		{062F815B-D042-4CD7-AF52-53EB56DD8F07}.Release|x86.ActiveCfg = Release|Any CPU
		{062F815B-D042-4CD7-AF52-53EB56DD8F07}.Release|x86.Build.0 = Release|Any CPU
		{8CB9E637-B97A-4415-AE4F-E22CF47F0E37}.Debug|Any CPU.ActiveCfg = Debug|Any CPU
		{8CB9E637-B97A-4415-AE4F-E22CF47F0E37}.Debug|Any CPU.Build.0 = Debug|Any CPU
		{8CB9E637-B97A-4415-AE4F-E22CF47F0E37}.Debug|x64.ActiveCfg = Debug|Any CPU
		{8CB9E637-B97A-4415-AE4F-E22CF47F0E37}.Debug|x64.Build.0 = Debug|Any CPU
		{8CB9E637-B97A-4415-AE4F-E22CF47F0E37}.Debug|x86.ActiveCfg = Debug|Any CPU
		{8CB9E637-B97A-4415-AE4F-E22CF47F0E37}.Debug|x86.Build.0 = Debug|Any CPU
		{8CB9E637-B97A-4415-AE4F-E22CF47F0E37}.Release|Any CPU.ActiveCfg = Release|Any CPU
		{8CB9E637-B97A-4415-AE4F-E22CF47F0E37}.Release|Any CPU.Build.0 = Release|Any CPU
		{8CB9E637-B97A-4415-AE4F-E22CF47F0E37}.Release|x64.ActiveCfg = Release|Any CPU
		{8CB9E637-B97A-4415-AE4F-E22CF47F0E37}.Release|x64.Build.0 = Release|Any CPU
		{8CB9E637-B97A-4415-AE4F-E22CF47F0E37}.Release|x86.ActiveCfg = Release|Any CPU
		{8CB9E637-B97A-4415-AE4F-E22CF47F0E37}.Release|x86.Build.0 = Release|Any CPU
		{CADB0809-9D27-4FB6-96A9-BFA17746BCBC}.Debug|Any CPU.ActiveCfg = Debug|Any CPU
		{CADB0809-9D27-4FB6-96A9-BFA17746BCBC}.Debug|Any CPU.Build.0 = Debug|Any CPU
		{CADB0809-9D27-4FB6-96A9-BFA17746BCBC}.Debug|x64.ActiveCfg = Debug|Any CPU
		{CADB0809-9D27-4FB6-96A9-BFA17746BCBC}.Debug|x64.Build.0 = Debug|Any CPU
		{CADB0809-9D27-4FB6-96A9-BFA17746BCBC}.Debug|x86.ActiveCfg = Debug|Any CPU
		{CADB0809-9D27-4FB6-96A9-BFA17746BCBC}.Debug|x86.Build.0 = Debug|Any CPU
		{CADB0809-9D27-4FB6-96A9-BFA17746BCBC}.Release|Any CPU.ActiveCfg = Release|Any CPU
		{CADB0809-9D27-4FB6-96A9-BFA17746BCBC}.Release|Any CPU.Build.0 = Release|Any CPU
		{CADB0809-9D27-4FB6-96A9-BFA17746BCBC}.Release|x64.ActiveCfg = Release|Any CPU
		{CADB0809-9D27-4FB6-96A9-BFA17746BCBC}.Release|x64.Build.0 = Release|Any CPU
		{CADB0809-9D27-4FB6-96A9-BFA17746BCBC}.Release|x86.ActiveCfg = Release|Any CPU
		{CADB0809-9D27-4FB6-96A9-BFA17746BCBC}.Release|x86.Build.0 = Release|Any CPU
		{5EC5FC92-CEAC-4B7F-9F2A-55F63B4CC6E4}.Debug|Any CPU.ActiveCfg = Debug|Any CPU
		{5EC5FC92-CEAC-4B7F-9F2A-55F63B4CC6E4}.Debug|Any CPU.Build.0 = Debug|Any CPU
		{5EC5FC92-CEAC-4B7F-9F2A-55F63B4CC6E4}.Debug|x64.ActiveCfg = Debug|Any CPU
		{5EC5FC92-CEAC-4B7F-9F2A-55F63B4CC6E4}.Debug|x64.Build.0 = Debug|Any CPU
		{5EC5FC92-CEAC-4B7F-9F2A-55F63B4CC6E4}.Debug|x86.ActiveCfg = Debug|Any CPU
		{5EC5FC92-CEAC-4B7F-9F2A-55F63B4CC6E4}.Debug|x86.Build.0 = Debug|Any CPU
		{5EC5FC92-CEAC-4B7F-9F2A-55F63B4CC6E4}.Release|Any CPU.ActiveCfg = Release|Any CPU
		{5EC5FC92-CEAC-4B7F-9F2A-55F63B4CC6E4}.Release|Any CPU.Build.0 = Release|Any CPU
		{5EC5FC92-CEAC-4B7F-9F2A-55F63B4CC6E4}.Release|x64.ActiveCfg = Release|Any CPU
		{5EC5FC92-CEAC-4B7F-9F2A-55F63B4CC6E4}.Release|x64.Build.0 = Release|Any CPU
		{5EC5FC92-CEAC-4B7F-9F2A-55F63B4CC6E4}.Release|x86.ActiveCfg = Release|Any CPU
		{5EC5FC92-CEAC-4B7F-9F2A-55F63B4CC6E4}.Release|x86.Build.0 = Release|Any CPU
		{6EE558FA-AF64-4A77-BCC6-7A90E6CCAC94}.Debug|Any CPU.ActiveCfg = Debug|Any CPU
		{6EE558FA-AF64-4A77-BCC6-7A90E6CCAC94}.Debug|Any CPU.Build.0 = Debug|Any CPU
		{6EE558FA-AF64-4A77-BCC6-7A90E6CCAC94}.Debug|x64.ActiveCfg = Debug|Any CPU
		{6EE558FA-AF64-4A77-BCC6-7A90E6CCAC94}.Debug|x64.Build.0 = Debug|Any CPU
		{6EE558FA-AF64-4A77-BCC6-7A90E6CCAC94}.Debug|x86.ActiveCfg = Debug|Any CPU
		{6EE558FA-AF64-4A77-BCC6-7A90E6CCAC94}.Debug|x86.Build.0 = Debug|Any CPU
		{6EE558FA-AF64-4A77-BCC6-7A90E6CCAC94}.Release|Any CPU.ActiveCfg = Release|Any CPU
		{6EE558FA-AF64-4A77-BCC6-7A90E6CCAC94}.Release|Any CPU.Build.0 = Release|Any CPU
		{6EE558FA-AF64-4A77-BCC6-7A90E6CCAC94}.Release|x64.ActiveCfg = Release|Any CPU
		{6EE558FA-AF64-4A77-BCC6-7A90E6CCAC94}.Release|x64.Build.0 = Release|Any CPU
		{6EE558FA-AF64-4A77-BCC6-7A90E6CCAC94}.Release|x86.ActiveCfg = Release|Any CPU
		{6EE558FA-AF64-4A77-BCC6-7A90E6CCAC94}.Release|x86.Build.0 = Release|Any CPU
		{38572A92-527A-454E-8A78-7B90F991FEA4}.Debug|Any CPU.ActiveCfg = Debug|Any CPU
		{38572A92-527A-454E-8A78-7B90F991FEA4}.Debug|Any CPU.Build.0 = Debug|Any CPU
		{38572A92-527A-454E-8A78-7B90F991FEA4}.Debug|x64.ActiveCfg = Debug|Any CPU
		{38572A92-527A-454E-8A78-7B90F991FEA4}.Debug|x64.Build.0 = Debug|Any CPU
		{38572A92-527A-454E-8A78-7B90F991FEA4}.Debug|x86.ActiveCfg = Debug|Any CPU
		{38572A92-527A-454E-8A78-7B90F991FEA4}.Debug|x86.Build.0 = Debug|Any CPU
		{38572A92-527A-454E-8A78-7B90F991FEA4}.Release|Any CPU.ActiveCfg = Release|Any CPU
		{38572A92-527A-454E-8A78-7B90F991FEA4}.Release|Any CPU.Build.0 = Release|Any CPU
		{38572A92-527A-454E-8A78-7B90F991FEA4}.Release|x64.ActiveCfg = Release|Any CPU
		{38572A92-527A-454E-8A78-7B90F991FEA4}.Release|x64.Build.0 = Release|Any CPU
		{38572A92-527A-454E-8A78-7B90F991FEA4}.Release|x86.ActiveCfg = Release|Any CPU
		{38572A92-527A-454E-8A78-7B90F991FEA4}.Release|x86.Build.0 = Release|Any CPU
		{EF54A3C1-FD74-4C19-A819-9F271DE62C8C}.Debug|Any CPU.ActiveCfg = Debug|Any CPU
		{EF54A3C1-FD74-4C19-A819-9F271DE62C8C}.Debug|Any CPU.Build.0 = Debug|Any CPU
		{EF54A3C1-FD74-4C19-A819-9F271DE62C8C}.Debug|x64.ActiveCfg = Debug|Any CPU
		{EF54A3C1-FD74-4C19-A819-9F271DE62C8C}.Debug|x64.Build.0 = Debug|Any CPU
		{EF54A3C1-FD74-4C19-A819-9F271DE62C8C}.Debug|x86.ActiveCfg = Debug|Any CPU
		{EF54A3C1-FD74-4C19-A819-9F271DE62C8C}.Debug|x86.Build.0 = Debug|Any CPU
		{EF54A3C1-FD74-4C19-A819-9F271DE62C8C}.Release|Any CPU.ActiveCfg = Release|Any CPU
		{EF54A3C1-FD74-4C19-A819-9F271DE62C8C}.Release|Any CPU.Build.0 = Release|Any CPU
		{EF54A3C1-FD74-4C19-A819-9F271DE62C8C}.Release|x64.ActiveCfg = Release|Any CPU
		{EF54A3C1-FD74-4C19-A819-9F271DE62C8C}.Release|x64.Build.0 = Release|Any CPU
		{EF54A3C1-FD74-4C19-A819-9F271DE62C8C}.Release|x86.ActiveCfg = Release|Any CPU
		{EF54A3C1-FD74-4C19-A819-9F271DE62C8C}.Release|x86.Build.0 = Release|Any CPU
		{5146D392-B3A6-476F-B9EB-D2468B9DE20A}.Debug|Any CPU.ActiveCfg = Debug|Any CPU
		{5146D392-B3A6-476F-B9EB-D2468B9DE20A}.Debug|Any CPU.Build.0 = Debug|Any CPU
		{5146D392-B3A6-476F-B9EB-D2468B9DE20A}.Debug|x64.ActiveCfg = Debug|Any CPU
		{5146D392-B3A6-476F-B9EB-D2468B9DE20A}.Debug|x64.Build.0 = Debug|Any CPU
		{5146D392-B3A6-476F-B9EB-D2468B9DE20A}.Debug|x86.ActiveCfg = Debug|Any CPU
		{5146D392-B3A6-476F-B9EB-D2468B9DE20A}.Debug|x86.Build.0 = Debug|Any CPU
		{5146D392-B3A6-476F-B9EB-D2468B9DE20A}.Release|Any CPU.ActiveCfg = Release|Any CPU
		{5146D392-B3A6-476F-B9EB-D2468B9DE20A}.Release|Any CPU.Build.0 = Release|Any CPU
		{5146D392-B3A6-476F-B9EB-D2468B9DE20A}.Release|x64.ActiveCfg = Release|Any CPU
		{5146D392-B3A6-476F-B9EB-D2468B9DE20A}.Release|x64.Build.0 = Release|Any CPU
		{5146D392-B3A6-476F-B9EB-D2468B9DE20A}.Release|x86.ActiveCfg = Release|Any CPU
		{5146D392-B3A6-476F-B9EB-D2468B9DE20A}.Release|x86.Build.0 = Release|Any CPU
		{0AA17E8A-7021-4F77-9DEF-8DD28B0777E5}.Debug|Any CPU.ActiveCfg = Debug|Any CPU
		{0AA17E8A-7021-4F77-9DEF-8DD28B0777E5}.Debug|Any CPU.Build.0 = Debug|Any CPU
		{0AA17E8A-7021-4F77-9DEF-8DD28B0777E5}.Debug|x64.ActiveCfg = Debug|Any CPU
		{0AA17E8A-7021-4F77-9DEF-8DD28B0777E5}.Debug|x64.Build.0 = Debug|Any CPU
		{0AA17E8A-7021-4F77-9DEF-8DD28B0777E5}.Debug|x86.ActiveCfg = Debug|Any CPU
		{0AA17E8A-7021-4F77-9DEF-8DD28B0777E5}.Debug|x86.Build.0 = Debug|Any CPU
		{0AA17E8A-7021-4F77-9DEF-8DD28B0777E5}.Release|Any CPU.ActiveCfg = Release|Any CPU
		{0AA17E8A-7021-4F77-9DEF-8DD28B0777E5}.Release|Any CPU.Build.0 = Release|Any CPU
		{0AA17E8A-7021-4F77-9DEF-8DD28B0777E5}.Release|x64.ActiveCfg = Release|Any CPU
		{0AA17E8A-7021-4F77-9DEF-8DD28B0777E5}.Release|x64.Build.0 = Release|Any CPU
		{0AA17E8A-7021-4F77-9DEF-8DD28B0777E5}.Release|x86.ActiveCfg = Release|Any CPU
		{0AA17E8A-7021-4F77-9DEF-8DD28B0777E5}.Release|x86.Build.0 = Release|Any CPU
		{2C4055F3-25C9-4EFE-808E-6B347DC5B28A}.Debug|Any CPU.ActiveCfg = Debug|Any CPU
		{2C4055F3-25C9-4EFE-808E-6B347DC5B28A}.Debug|Any CPU.Build.0 = Debug|Any CPU
		{2C4055F3-25C9-4EFE-808E-6B347DC5B28A}.Debug|x64.ActiveCfg = Debug|Any CPU
		{2C4055F3-25C9-4EFE-808E-6B347DC5B28A}.Debug|x64.Build.0 = Debug|Any CPU
		{2C4055F3-25C9-4EFE-808E-6B347DC5B28A}.Debug|x86.ActiveCfg = Debug|Any CPU
		{2C4055F3-25C9-4EFE-808E-6B347DC5B28A}.Debug|x86.Build.0 = Debug|Any CPU
		{2C4055F3-25C9-4EFE-808E-6B347DC5B28A}.Release|Any CPU.ActiveCfg = Release|Any CPU
		{2C4055F3-25C9-4EFE-808E-6B347DC5B28A}.Release|Any CPU.Build.0 = Release|Any CPU
		{2C4055F3-25C9-4EFE-808E-6B347DC5B28A}.Release|x64.ActiveCfg = Release|Any CPU
		{2C4055F3-25C9-4EFE-808E-6B347DC5B28A}.Release|x64.Build.0 = Release|Any CPU
		{2C4055F3-25C9-4EFE-808E-6B347DC5B28A}.Release|x86.ActiveCfg = Release|Any CPU
		{2C4055F3-25C9-4EFE-808E-6B347DC5B28A}.Release|x86.Build.0 = Release|Any CPU
		{9F66922A-C026-49D5-B4D1-C73B15C28DD6}.Debug|Any CPU.ActiveCfg = Debug|Any CPU
		{9F66922A-C026-49D5-B4D1-C73B15C28DD6}.Debug|Any CPU.Build.0 = Debug|Any CPU
		{9F66922A-C026-49D5-B4D1-C73B15C28DD6}.Debug|x64.ActiveCfg = Debug|Any CPU
		{9F66922A-C026-49D5-B4D1-C73B15C28DD6}.Debug|x64.Build.0 = Debug|Any CPU
		{9F66922A-C026-49D5-B4D1-C73B15C28DD6}.Debug|x86.ActiveCfg = Debug|Any CPU
		{9F66922A-C026-49D5-B4D1-C73B15C28DD6}.Debug|x86.Build.0 = Debug|Any CPU
		{9F66922A-C026-49D5-B4D1-C73B15C28DD6}.Release|Any CPU.ActiveCfg = Release|Any CPU
		{9F66922A-C026-49D5-B4D1-C73B15C28DD6}.Release|Any CPU.Build.0 = Release|Any CPU
		{9F66922A-C026-49D5-B4D1-C73B15C28DD6}.Release|x64.ActiveCfg = Release|Any CPU
		{9F66922A-C026-49D5-B4D1-C73B15C28DD6}.Release|x64.Build.0 = Release|Any CPU
		{9F66922A-C026-49D5-B4D1-C73B15C28DD6}.Release|x86.ActiveCfg = Release|Any CPU
		{9F66922A-C026-49D5-B4D1-C73B15C28DD6}.Release|x86.Build.0 = Release|Any CPU
		{D2479060-4CFB-46CB-9E0C-23FCC9220EA7}.Debug|Any CPU.ActiveCfg = Debug|Any CPU
		{D2479060-4CFB-46CB-9E0C-23FCC9220EA7}.Debug|Any CPU.Build.0 = Debug|Any CPU
		{D2479060-4CFB-46CB-9E0C-23FCC9220EA7}.Debug|x64.ActiveCfg = Debug|Any CPU
		{D2479060-4CFB-46CB-9E0C-23FCC9220EA7}.Debug|x64.Build.0 = Debug|Any CPU
		{D2479060-4CFB-46CB-9E0C-23FCC9220EA7}.Debug|x86.ActiveCfg = Debug|Any CPU
		{D2479060-4CFB-46CB-9E0C-23FCC9220EA7}.Debug|x86.Build.0 = Debug|Any CPU
		{D2479060-4CFB-46CB-9E0C-23FCC9220EA7}.Release|Any CPU.ActiveCfg = Release|Any CPU
		{D2479060-4CFB-46CB-9E0C-23FCC9220EA7}.Release|Any CPU.Build.0 = Release|Any CPU
		{D2479060-4CFB-46CB-9E0C-23FCC9220EA7}.Release|x64.ActiveCfg = Release|Any CPU
		{D2479060-4CFB-46CB-9E0C-23FCC9220EA7}.Release|x64.Build.0 = Release|Any CPU
		{D2479060-4CFB-46CB-9E0C-23FCC9220EA7}.Release|x86.ActiveCfg = Release|Any CPU
		{D2479060-4CFB-46CB-9E0C-23FCC9220EA7}.Release|x86.Build.0 = Release|Any CPU
		{7B3A143A-F2A1-460B-9557-2F434ED2116A}.Debug|Any CPU.ActiveCfg = Debug|Any CPU
		{7B3A143A-F2A1-460B-9557-2F434ED2116A}.Debug|Any CPU.Build.0 = Debug|Any CPU
		{7B3A143A-F2A1-460B-9557-2F434ED2116A}.Debug|x64.ActiveCfg = Debug|Any CPU
		{7B3A143A-F2A1-460B-9557-2F434ED2116A}.Debug|x64.Build.0 = Debug|Any CPU
		{7B3A143A-F2A1-460B-9557-2F434ED2116A}.Debug|x86.ActiveCfg = Debug|Any CPU
		{7B3A143A-F2A1-460B-9557-2F434ED2116A}.Debug|x86.Build.0 = Debug|Any CPU
		{7B3A143A-F2A1-460B-9557-2F434ED2116A}.Release|Any CPU.ActiveCfg = Release|Any CPU
		{7B3A143A-F2A1-460B-9557-2F434ED2116A}.Release|Any CPU.Build.0 = Release|Any CPU
		{7B3A143A-F2A1-460B-9557-2F434ED2116A}.Release|x64.ActiveCfg = Release|Any CPU
		{7B3A143A-F2A1-460B-9557-2F434ED2116A}.Release|x64.Build.0 = Release|Any CPU
		{7B3A143A-F2A1-460B-9557-2F434ED2116A}.Release|x86.ActiveCfg = Release|Any CPU
		{7B3A143A-F2A1-460B-9557-2F434ED2116A}.Release|x86.Build.0 = Release|Any CPU
		{AD9DF0CB-EA54-4E67-9FFA-F77B8A7554C1}.Debug|Any CPU.ActiveCfg = Debug|Any CPU
		{AD9DF0CB-EA54-4E67-9FFA-F77B8A7554C1}.Debug|Any CPU.Build.0 = Debug|Any CPU
		{AD9DF0CB-EA54-4E67-9FFA-F77B8A7554C1}.Debug|x64.ActiveCfg = Debug|Any CPU
		{AD9DF0CB-EA54-4E67-9FFA-F77B8A7554C1}.Debug|x64.Build.0 = Debug|Any CPU
		{AD9DF0CB-EA54-4E67-9FFA-F77B8A7554C1}.Debug|x86.ActiveCfg = Debug|Any CPU
		{AD9DF0CB-EA54-4E67-9FFA-F77B8A7554C1}.Debug|x86.Build.0 = Debug|Any CPU
		{AD9DF0CB-EA54-4E67-9FFA-F77B8A7554C1}.Release|Any CPU.ActiveCfg = Release|Any CPU
		{AD9DF0CB-EA54-4E67-9FFA-F77B8A7554C1}.Release|Any CPU.Build.0 = Release|Any CPU
		{AD9DF0CB-EA54-4E67-9FFA-F77B8A7554C1}.Release|x64.ActiveCfg = Release|Any CPU
		{AD9DF0CB-EA54-4E67-9FFA-F77B8A7554C1}.Release|x64.Build.0 = Release|Any CPU
		{AD9DF0CB-EA54-4E67-9FFA-F77B8A7554C1}.Release|x86.ActiveCfg = Release|Any CPU
		{AD9DF0CB-EA54-4E67-9FFA-F77B8A7554C1}.Release|x86.Build.0 = Release|Any CPU
		{CD9BEB0D-A114-40BF-82FF-4E333B0CE254}.Debug|Any CPU.ActiveCfg = Debug|Any CPU
		{CD9BEB0D-A114-40BF-82FF-4E333B0CE254}.Debug|Any CPU.Build.0 = Debug|Any CPU
		{CD9BEB0D-A114-40BF-82FF-4E333B0CE254}.Debug|x64.ActiveCfg = Debug|Any CPU
		{CD9BEB0D-A114-40BF-82FF-4E333B0CE254}.Debug|x64.Build.0 = Debug|Any CPU
		{CD9BEB0D-A114-40BF-82FF-4E333B0CE254}.Debug|x86.ActiveCfg = Debug|Any CPU
		{CD9BEB0D-A114-40BF-82FF-4E333B0CE254}.Debug|x86.Build.0 = Debug|Any CPU
		{CD9BEB0D-A114-40BF-82FF-4E333B0CE254}.Release|Any CPU.ActiveCfg = Release|Any CPU
		{CD9BEB0D-A114-40BF-82FF-4E333B0CE254}.Release|Any CPU.Build.0 = Release|Any CPU
		{CD9BEB0D-A114-40BF-82FF-4E333B0CE254}.Release|x64.ActiveCfg = Release|Any CPU
		{CD9BEB0D-A114-40BF-82FF-4E333B0CE254}.Release|x64.Build.0 = Release|Any CPU
		{CD9BEB0D-A114-40BF-82FF-4E333B0CE254}.Release|x86.ActiveCfg = Release|Any CPU
		{CD9BEB0D-A114-40BF-82FF-4E333B0CE254}.Release|x86.Build.0 = Release|Any CPU
		{BFFB5282-716E-4808-832B-479D9C20AEF9}.Debug|Any CPU.ActiveCfg = Debug|Any CPU
		{BFFB5282-716E-4808-832B-479D9C20AEF9}.Debug|Any CPU.Build.0 = Debug|Any CPU
		{BFFB5282-716E-4808-832B-479D9C20AEF9}.Debug|x64.ActiveCfg = Debug|Any CPU
		{BFFB5282-716E-4808-832B-479D9C20AEF9}.Debug|x64.Build.0 = Debug|Any CPU
		{BFFB5282-716E-4808-832B-479D9C20AEF9}.Debug|x86.ActiveCfg = Debug|Any CPU
		{BFFB5282-716E-4808-832B-479D9C20AEF9}.Debug|x86.Build.0 = Debug|Any CPU
		{BFFB5282-716E-4808-832B-479D9C20AEF9}.Release|Any CPU.ActiveCfg = Release|Any CPU
		{BFFB5282-716E-4808-832B-479D9C20AEF9}.Release|Any CPU.Build.0 = Release|Any CPU
		{BFFB5282-716E-4808-832B-479D9C20AEF9}.Release|x64.ActiveCfg = Release|Any CPU
		{BFFB5282-716E-4808-832B-479D9C20AEF9}.Release|x64.Build.0 = Release|Any CPU
		{BFFB5282-716E-4808-832B-479D9C20AEF9}.Release|x86.ActiveCfg = Release|Any CPU
		{BFFB5282-716E-4808-832B-479D9C20AEF9}.Release|x86.Build.0 = Release|Any CPU
		{9936B86B-0644-4B18-8357-364D84B2A611}.Debug|Any CPU.ActiveCfg = Debug|Any CPU
		{9936B86B-0644-4B18-8357-364D84B2A611}.Debug|Any CPU.Build.0 = Debug|Any CPU
		{9936B86B-0644-4B18-8357-364D84B2A611}.Debug|x64.ActiveCfg = Debug|Any CPU
		{9936B86B-0644-4B18-8357-364D84B2A611}.Debug|x64.Build.0 = Debug|Any CPU
		{9936B86B-0644-4B18-8357-364D84B2A611}.Debug|x86.ActiveCfg = Debug|Any CPU
		{9936B86B-0644-4B18-8357-364D84B2A611}.Debug|x86.Build.0 = Debug|Any CPU
		{9936B86B-0644-4B18-8357-364D84B2A611}.Release|Any CPU.ActiveCfg = Release|Any CPU
		{9936B86B-0644-4B18-8357-364D84B2A611}.Release|Any CPU.Build.0 = Release|Any CPU
		{9936B86B-0644-4B18-8357-364D84B2A611}.Release|x64.ActiveCfg = Release|Any CPU
		{9936B86B-0644-4B18-8357-364D84B2A611}.Release|x64.Build.0 = Release|Any CPU
		{9936B86B-0644-4B18-8357-364D84B2A611}.Release|x86.ActiveCfg = Release|Any CPU
		{9936B86B-0644-4B18-8357-364D84B2A611}.Release|x86.Build.0 = Release|Any CPU
		{5DC685EB-C946-4E9F-8343-623EB399BA45}.Debug|Any CPU.ActiveCfg = Debug|Any CPU
		{5DC685EB-C946-4E9F-8343-623EB399BA45}.Debug|Any CPU.Build.0 = Debug|Any CPU
		{5DC685EB-C946-4E9F-8343-623EB399BA45}.Debug|x64.ActiveCfg = Debug|Any CPU
		{5DC685EB-C946-4E9F-8343-623EB399BA45}.Debug|x64.Build.0 = Debug|Any CPU
		{5DC685EB-C946-4E9F-8343-623EB399BA45}.Debug|x86.ActiveCfg = Debug|Any CPU
		{5DC685EB-C946-4E9F-8343-623EB399BA45}.Debug|x86.Build.0 = Debug|Any CPU
		{5DC685EB-C946-4E9F-8343-623EB399BA45}.Release|Any CPU.ActiveCfg = Release|Any CPU
		{5DC685EB-C946-4E9F-8343-623EB399BA45}.Release|Any CPU.Build.0 = Release|Any CPU
		{5DC685EB-C946-4E9F-8343-623EB399BA45}.Release|x64.ActiveCfg = Release|Any CPU
		{5DC685EB-C946-4E9F-8343-623EB399BA45}.Release|x64.Build.0 = Release|Any CPU
		{5DC685EB-C946-4E9F-8343-623EB399BA45}.Release|x86.ActiveCfg = Release|Any CPU
		{5DC685EB-C946-4E9F-8343-623EB399BA45}.Release|x86.Build.0 = Release|Any CPU
		{423EF6EA-5101-41D3-A09A-4EB1E52AE786}.Debug|Any CPU.ActiveCfg = Debug|Any CPU
		{423EF6EA-5101-41D3-A09A-4EB1E52AE786}.Debug|Any CPU.Build.0 = Debug|Any CPU
		{423EF6EA-5101-41D3-A09A-4EB1E52AE786}.Debug|x64.ActiveCfg = Debug|Any CPU
		{423EF6EA-5101-41D3-A09A-4EB1E52AE786}.Debug|x64.Build.0 = Debug|Any CPU
		{423EF6EA-5101-41D3-A09A-4EB1E52AE786}.Debug|x86.ActiveCfg = Debug|Any CPU
		{423EF6EA-5101-41D3-A09A-4EB1E52AE786}.Debug|x86.Build.0 = Debug|Any CPU
		{423EF6EA-5101-41D3-A09A-4EB1E52AE786}.Release|Any CPU.ActiveCfg = Release|Any CPU
		{423EF6EA-5101-41D3-A09A-4EB1E52AE786}.Release|Any CPU.Build.0 = Release|Any CPU
		{423EF6EA-5101-41D3-A09A-4EB1E52AE786}.Release|x64.ActiveCfg = Release|Any CPU
		{423EF6EA-5101-41D3-A09A-4EB1E52AE786}.Release|x64.Build.0 = Release|Any CPU
		{423EF6EA-5101-41D3-A09A-4EB1E52AE786}.Release|x86.ActiveCfg = Release|Any CPU
		{423EF6EA-5101-41D3-A09A-4EB1E52AE786}.Release|x86.Build.0 = Release|Any CPU
		{88DDBFF3-9576-4A42-925B-DEE579498F68}.Debug|Any CPU.ActiveCfg = Debug|Any CPU
		{88DDBFF3-9576-4A42-925B-DEE579498F68}.Debug|Any CPU.Build.0 = Debug|Any CPU
		{88DDBFF3-9576-4A42-925B-DEE579498F68}.Debug|x64.ActiveCfg = Debug|Any CPU
		{88DDBFF3-9576-4A42-925B-DEE579498F68}.Debug|x64.Build.0 = Debug|Any CPU
		{88DDBFF3-9576-4A42-925B-DEE579498F68}.Debug|x86.ActiveCfg = Debug|Any CPU
		{88DDBFF3-9576-4A42-925B-DEE579498F68}.Debug|x86.Build.0 = Debug|Any CPU
		{88DDBFF3-9576-4A42-925B-DEE579498F68}.Release|Any CPU.ActiveCfg = Release|Any CPU
		{88DDBFF3-9576-4A42-925B-DEE579498F68}.Release|Any CPU.Build.0 = Release|Any CPU
		{88DDBFF3-9576-4A42-925B-DEE579498F68}.Release|x64.ActiveCfg = Release|Any CPU
		{88DDBFF3-9576-4A42-925B-DEE579498F68}.Release|x64.Build.0 = Release|Any CPU
		{88DDBFF3-9576-4A42-925B-DEE579498F68}.Release|x86.ActiveCfg = Release|Any CPU
		{88DDBFF3-9576-4A42-925B-DEE579498F68}.Release|x86.Build.0 = Release|Any CPU
		{4A18BBEC-66CC-4586-8768-37807BA01551}.Debug|Any CPU.ActiveCfg = Debug|Any CPU
		{4A18BBEC-66CC-4586-8768-37807BA01551}.Debug|Any CPU.Build.0 = Debug|Any CPU
		{4A18BBEC-66CC-4586-8768-37807BA01551}.Debug|x64.ActiveCfg = Debug|Any CPU
		{4A18BBEC-66CC-4586-8768-37807BA01551}.Debug|x64.Build.0 = Debug|Any CPU
		{4A18BBEC-66CC-4586-8768-37807BA01551}.Debug|x86.ActiveCfg = Debug|Any CPU
		{4A18BBEC-66CC-4586-8768-37807BA01551}.Debug|x86.Build.0 = Debug|Any CPU
		{4A18BBEC-66CC-4586-8768-37807BA01551}.Release|Any CPU.ActiveCfg = Release|Any CPU
		{4A18BBEC-66CC-4586-8768-37807BA01551}.Release|Any CPU.Build.0 = Release|Any CPU
		{4A18BBEC-66CC-4586-8768-37807BA01551}.Release|x64.ActiveCfg = Release|Any CPU
		{4A18BBEC-66CC-4586-8768-37807BA01551}.Release|x64.Build.0 = Release|Any CPU
		{4A18BBEC-66CC-4586-8768-37807BA01551}.Release|x86.ActiveCfg = Release|Any CPU
		{4A18BBEC-66CC-4586-8768-37807BA01551}.Release|x86.Build.0 = Release|Any CPU
		{1B8C5ABD-FE05-47A3-9E3C-DB1C72AE65E9}.Debug|Any CPU.ActiveCfg = Debug|Any CPU
		{1B8C5ABD-FE05-47A3-9E3C-DB1C72AE65E9}.Debug|Any CPU.Build.0 = Debug|Any CPU
		{1B8C5ABD-FE05-47A3-9E3C-DB1C72AE65E9}.Debug|x64.ActiveCfg = Debug|Any CPU
		{1B8C5ABD-FE05-47A3-9E3C-DB1C72AE65E9}.Debug|x64.Build.0 = Debug|Any CPU
		{1B8C5ABD-FE05-47A3-9E3C-DB1C72AE65E9}.Debug|x86.ActiveCfg = Debug|Any CPU
		{1B8C5ABD-FE05-47A3-9E3C-DB1C72AE65E9}.Debug|x86.Build.0 = Debug|Any CPU
		{1B8C5ABD-FE05-47A3-9E3C-DB1C72AE65E9}.Release|Any CPU.ActiveCfg = Release|Any CPU
		{1B8C5ABD-FE05-47A3-9E3C-DB1C72AE65E9}.Release|Any CPU.Build.0 = Release|Any CPU
		{1B8C5ABD-FE05-47A3-9E3C-DB1C72AE65E9}.Release|x64.ActiveCfg = Release|Any CPU
		{1B8C5ABD-FE05-47A3-9E3C-DB1C72AE65E9}.Release|x64.Build.0 = Release|Any CPU
		{1B8C5ABD-FE05-47A3-9E3C-DB1C72AE65E9}.Release|x86.ActiveCfg = Release|Any CPU
		{1B8C5ABD-FE05-47A3-9E3C-DB1C72AE65E9}.Release|x86.Build.0 = Release|Any CPU
		{7FCF48B9-0821-431B-A3C4-8D434F8F9053}.Debug|Any CPU.ActiveCfg = Debug|Any CPU
		{7FCF48B9-0821-431B-A3C4-8D434F8F9053}.Debug|Any CPU.Build.0 = Debug|Any CPU
		{7FCF48B9-0821-431B-A3C4-8D434F8F9053}.Debug|x64.ActiveCfg = Debug|Any CPU
		{7FCF48B9-0821-431B-A3C4-8D434F8F9053}.Debug|x64.Build.0 = Debug|Any CPU
		{7FCF48B9-0821-431B-A3C4-8D434F8F9053}.Debug|x86.ActiveCfg = Debug|Any CPU
		{7FCF48B9-0821-431B-A3C4-8D434F8F9053}.Debug|x86.Build.0 = Debug|Any CPU
		{7FCF48B9-0821-431B-A3C4-8D434F8F9053}.Release|Any CPU.ActiveCfg = Release|Any CPU
		{7FCF48B9-0821-431B-A3C4-8D434F8F9053}.Release|Any CPU.Build.0 = Release|Any CPU
		{7FCF48B9-0821-431B-A3C4-8D434F8F9053}.Release|x64.ActiveCfg = Release|Any CPU
		{7FCF48B9-0821-431B-A3C4-8D434F8F9053}.Release|x64.Build.0 = Release|Any CPU
		{7FCF48B9-0821-431B-A3C4-8D434F8F9053}.Release|x86.ActiveCfg = Release|Any CPU
		{7FCF48B9-0821-431B-A3C4-8D434F8F9053}.Release|x86.Build.0 = Release|Any CPU
		{EEA12298-EB4B-4AD3-81B0-C89803396518}.Debug|Any CPU.ActiveCfg = Debug|Any CPU
		{EEA12298-EB4B-4AD3-81B0-C89803396518}.Debug|Any CPU.Build.0 = Debug|Any CPU
		{EEA12298-EB4B-4AD3-81B0-C89803396518}.Debug|x64.ActiveCfg = Debug|Any CPU
		{EEA12298-EB4B-4AD3-81B0-C89803396518}.Debug|x64.Build.0 = Debug|Any CPU
		{EEA12298-EB4B-4AD3-81B0-C89803396518}.Debug|x86.ActiveCfg = Debug|Any CPU
		{EEA12298-EB4B-4AD3-81B0-C89803396518}.Debug|x86.Build.0 = Debug|Any CPU
		{EEA12298-EB4B-4AD3-81B0-C89803396518}.Release|Any CPU.ActiveCfg = Release|Any CPU
		{EEA12298-EB4B-4AD3-81B0-C89803396518}.Release|Any CPU.Build.0 = Release|Any CPU
		{EEA12298-EB4B-4AD3-81B0-C89803396518}.Release|x64.ActiveCfg = Release|Any CPU
		{EEA12298-EB4B-4AD3-81B0-C89803396518}.Release|x64.Build.0 = Release|Any CPU
		{EEA12298-EB4B-4AD3-81B0-C89803396518}.Release|x86.ActiveCfg = Release|Any CPU
		{EEA12298-EB4B-4AD3-81B0-C89803396518}.Release|x86.Build.0 = Release|Any CPU
		{0C163E23-44EE-4352-B891-B5E32277B3F1}.Debug|Any CPU.ActiveCfg = Debug|Any CPU
		{0C163E23-44EE-4352-B891-B5E32277B3F1}.Debug|Any CPU.Build.0 = Debug|Any CPU
		{0C163E23-44EE-4352-B891-B5E32277B3F1}.Debug|x64.ActiveCfg = Debug|Any CPU
		{0C163E23-44EE-4352-B891-B5E32277B3F1}.Debug|x64.Build.0 = Debug|Any CPU
		{0C163E23-44EE-4352-B891-B5E32277B3F1}.Debug|x86.ActiveCfg = Debug|Any CPU
		{0C163E23-44EE-4352-B891-B5E32277B3F1}.Debug|x86.Build.0 = Debug|Any CPU
		{0C163E23-44EE-4352-B891-B5E32277B3F1}.Release|Any CPU.ActiveCfg = Release|Any CPU
		{0C163E23-44EE-4352-B891-B5E32277B3F1}.Release|Any CPU.Build.0 = Release|Any CPU
		{0C163E23-44EE-4352-B891-B5E32277B3F1}.Release|x64.ActiveCfg = Release|Any CPU
		{0C163E23-44EE-4352-B891-B5E32277B3F1}.Release|x64.Build.0 = Release|Any CPU
		{0C163E23-44EE-4352-B891-B5E32277B3F1}.Release|x86.ActiveCfg = Release|Any CPU
		{0C163E23-44EE-4352-B891-B5E32277B3F1}.Release|x86.Build.0 = Release|Any CPU
		{74294A6E-32D1-4F3A-98F1-0521917E7D7C}.Debug|Any CPU.ActiveCfg = Debug|Any CPU
		{74294A6E-32D1-4F3A-98F1-0521917E7D7C}.Debug|Any CPU.Build.0 = Debug|Any CPU
		{74294A6E-32D1-4F3A-98F1-0521917E7D7C}.Debug|x64.ActiveCfg = Debug|Any CPU
		{74294A6E-32D1-4F3A-98F1-0521917E7D7C}.Debug|x64.Build.0 = Debug|Any CPU
		{74294A6E-32D1-4F3A-98F1-0521917E7D7C}.Debug|x86.ActiveCfg = Debug|Any CPU
		{74294A6E-32D1-4F3A-98F1-0521917E7D7C}.Debug|x86.Build.0 = Debug|Any CPU
		{74294A6E-32D1-4F3A-98F1-0521917E7D7C}.Release|Any CPU.ActiveCfg = Release|Any CPU
		{74294A6E-32D1-4F3A-98F1-0521917E7D7C}.Release|Any CPU.Build.0 = Release|Any CPU
		{74294A6E-32D1-4F3A-98F1-0521917E7D7C}.Release|x64.ActiveCfg = Release|Any CPU
		{74294A6E-32D1-4F3A-98F1-0521917E7D7C}.Release|x64.Build.0 = Release|Any CPU
		{74294A6E-32D1-4F3A-98F1-0521917E7D7C}.Release|x86.ActiveCfg = Release|Any CPU
		{74294A6E-32D1-4F3A-98F1-0521917E7D7C}.Release|x86.Build.0 = Release|Any CPU
		{B0D37DF2-4763-4011-8E6F-8FBD8D89A245}.Debug|Any CPU.ActiveCfg = Debug|Any CPU
		{B0D37DF2-4763-4011-8E6F-8FBD8D89A245}.Debug|Any CPU.Build.0 = Debug|Any CPU
		{B0D37DF2-4763-4011-8E6F-8FBD8D89A245}.Debug|x64.ActiveCfg = Debug|Any CPU
		{B0D37DF2-4763-4011-8E6F-8FBD8D89A245}.Debug|x64.Build.0 = Debug|Any CPU
		{B0D37DF2-4763-4011-8E6F-8FBD8D89A245}.Debug|x86.ActiveCfg = Debug|Any CPU
		{B0D37DF2-4763-4011-8E6F-8FBD8D89A245}.Debug|x86.Build.0 = Debug|Any CPU
		{B0D37DF2-4763-4011-8E6F-8FBD8D89A245}.Release|Any CPU.ActiveCfg = Release|Any CPU
		{B0D37DF2-4763-4011-8E6F-8FBD8D89A245}.Release|Any CPU.Build.0 = Release|Any CPU
		{B0D37DF2-4763-4011-8E6F-8FBD8D89A245}.Release|x64.ActiveCfg = Release|Any CPU
		{B0D37DF2-4763-4011-8E6F-8FBD8D89A245}.Release|x64.Build.0 = Release|Any CPU
		{B0D37DF2-4763-4011-8E6F-8FBD8D89A245}.Release|x86.ActiveCfg = Release|Any CPU
		{B0D37DF2-4763-4011-8E6F-8FBD8D89A245}.Release|x86.Build.0 = Release|Any CPU
		{1134B917-40AA-459B-9EC3-4AAE4FCE4D8D}.Debug|Any CPU.ActiveCfg = Debug|Any CPU
		{1134B917-40AA-459B-9EC3-4AAE4FCE4D8D}.Debug|Any CPU.Build.0 = Debug|Any CPU
		{1134B917-40AA-459B-9EC3-4AAE4FCE4D8D}.Debug|x64.ActiveCfg = Debug|Any CPU
		{1134B917-40AA-459B-9EC3-4AAE4FCE4D8D}.Debug|x64.Build.0 = Debug|Any CPU
		{1134B917-40AA-459B-9EC3-4AAE4FCE4D8D}.Debug|x86.ActiveCfg = Debug|Any CPU
		{1134B917-40AA-459B-9EC3-4AAE4FCE4D8D}.Debug|x86.Build.0 = Debug|Any CPU
		{1134B917-40AA-459B-9EC3-4AAE4FCE4D8D}.Release|Any CPU.ActiveCfg = Release|Any CPU
		{1134B917-40AA-459B-9EC3-4AAE4FCE4D8D}.Release|Any CPU.Build.0 = Release|Any CPU
		{1134B917-40AA-459B-9EC3-4AAE4FCE4D8D}.Release|x64.ActiveCfg = Release|Any CPU
		{1134B917-40AA-459B-9EC3-4AAE4FCE4D8D}.Release|x64.Build.0 = Release|Any CPU
		{1134B917-40AA-459B-9EC3-4AAE4FCE4D8D}.Release|x86.ActiveCfg = Release|Any CPU
		{1134B917-40AA-459B-9EC3-4AAE4FCE4D8D}.Release|x86.Build.0 = Release|Any CPU
		{9C7F61BC-4300-466D-8AD7-98A7E79E559D}.Debug|Any CPU.ActiveCfg = Debug|Any CPU
		{9C7F61BC-4300-466D-8AD7-98A7E79E559D}.Debug|Any CPU.Build.0 = Debug|Any CPU
		{9C7F61BC-4300-466D-8AD7-98A7E79E559D}.Debug|x64.ActiveCfg = Debug|Any CPU
		{9C7F61BC-4300-466D-8AD7-98A7E79E559D}.Debug|x64.Build.0 = Debug|Any CPU
		{9C7F61BC-4300-466D-8AD7-98A7E79E559D}.Debug|x86.ActiveCfg = Debug|Any CPU
		{9C7F61BC-4300-466D-8AD7-98A7E79E559D}.Debug|x86.Build.0 = Debug|Any CPU
		{9C7F61BC-4300-466D-8AD7-98A7E79E559D}.Release|Any CPU.ActiveCfg = Release|Any CPU
		{9C7F61BC-4300-466D-8AD7-98A7E79E559D}.Release|Any CPU.Build.0 = Release|Any CPU
		{9C7F61BC-4300-466D-8AD7-98A7E79E559D}.Release|x64.ActiveCfg = Release|Any CPU
		{9C7F61BC-4300-466D-8AD7-98A7E79E559D}.Release|x64.Build.0 = Release|Any CPU
		{9C7F61BC-4300-466D-8AD7-98A7E79E559D}.Release|x86.ActiveCfg = Release|Any CPU
		{9C7F61BC-4300-466D-8AD7-98A7E79E559D}.Release|x86.Build.0 = Release|Any CPU
		{75193B81-92AC-4063-8041-D9933F308543}.Debug|Any CPU.ActiveCfg = Debug|Any CPU
		{75193B81-92AC-4063-8041-D9933F308543}.Debug|Any CPU.Build.0 = Debug|Any CPU
		{75193B81-92AC-4063-8041-D9933F308543}.Debug|x64.ActiveCfg = Debug|Any CPU
		{75193B81-92AC-4063-8041-D9933F308543}.Debug|x64.Build.0 = Debug|Any CPU
		{75193B81-92AC-4063-8041-D9933F308543}.Debug|x86.ActiveCfg = Debug|Any CPU
		{75193B81-92AC-4063-8041-D9933F308543}.Debug|x86.Build.0 = Debug|Any CPU
		{75193B81-92AC-4063-8041-D9933F308543}.Release|Any CPU.ActiveCfg = Release|Any CPU
		{75193B81-92AC-4063-8041-D9933F308543}.Release|Any CPU.Build.0 = Release|Any CPU
		{75193B81-92AC-4063-8041-D9933F308543}.Release|x64.ActiveCfg = Release|Any CPU
		{75193B81-92AC-4063-8041-D9933F308543}.Release|x64.Build.0 = Release|Any CPU
		{75193B81-92AC-4063-8041-D9933F308543}.Release|x86.ActiveCfg = Release|Any CPU
		{75193B81-92AC-4063-8041-D9933F308543}.Release|x86.Build.0 = Release|Any CPU
		{81D414CE-0440-466C-86B4-696A29D94F24}.Debug|Any CPU.ActiveCfg = Debug|Any CPU
		{81D414CE-0440-466C-86B4-696A29D94F24}.Debug|Any CPU.Build.0 = Debug|Any CPU
		{81D414CE-0440-466C-86B4-696A29D94F24}.Debug|x64.ActiveCfg = Debug|Any CPU
		{81D414CE-0440-466C-86B4-696A29D94F24}.Debug|x64.Build.0 = Debug|Any CPU
		{81D414CE-0440-466C-86B4-696A29D94F24}.Debug|x86.ActiveCfg = Debug|Any CPU
		{81D414CE-0440-466C-86B4-696A29D94F24}.Debug|x86.Build.0 = Debug|Any CPU
		{81D414CE-0440-466C-86B4-696A29D94F24}.Release|Any CPU.ActiveCfg = Release|Any CPU
		{81D414CE-0440-466C-86B4-696A29D94F24}.Release|Any CPU.Build.0 = Release|Any CPU
		{81D414CE-0440-466C-86B4-696A29D94F24}.Release|x64.ActiveCfg = Release|Any CPU
		{81D414CE-0440-466C-86B4-696A29D94F24}.Release|x64.Build.0 = Release|Any CPU
		{81D414CE-0440-466C-86B4-696A29D94F24}.Release|x86.ActiveCfg = Release|Any CPU
		{81D414CE-0440-466C-86B4-696A29D94F24}.Release|x86.Build.0 = Release|Any CPU
	EndGlobalSection
	GlobalSection(SolutionProperties) = preSolution
		HideSolutionNode = FALSE
	EndGlobalSection
	GlobalSection(NestedProjects) = preSolution
		{8EB549C8-1943-47A5-BDE1-92F62C126931} = {827E0CD3-B72D-47B6-A68D-7590B98EB39B}
		{A0BB3168-1448-4D1D-9A7F-65653255CC1F} = {827E0CD3-B72D-47B6-A68D-7590B98EB39B}
		{A110FD78-EFF7-4EC6-A923-2DFECD44B9A1} = {827E0CD3-B72D-47B6-A68D-7590B98EB39B}
		{5E3511A7-4AAA-49D2-9DA4-C8577FA0E278} = {827E0CD3-B72D-47B6-A68D-7590B98EB39B}
		{67D70988-0FAF-43EA-A479-F7C5E9620419} = {827E0CD3-B72D-47B6-A68D-7590B98EB39B}
		{555CD2E1-6635-46FF-B09C-D6B2A07B1C20} = {827E0CD3-B72D-47B6-A68D-7590B98EB39B}
		{DD069073-8C51-4DEF-9D29-C583BFB3E3CC} = {827E0CD3-B72D-47B6-A68D-7590B98EB39B}
		{641E6711-673C-4154-8BAB-3B6B29F3BD6D} = {827E0CD3-B72D-47B6-A68D-7590B98EB39B}
		{330B3C1C-DC57-4D57-B479-14CA96FDFCA5} = {827E0CD3-B72D-47B6-A68D-7590B98EB39B}
		{BD07F634-5E8E-4403-8B3E-8475CB6C6F3B} = {0AB3BF05-4346-4AA6-1389-037BE0695223}
		{2EF5EDBD-A2A1-4E2A-A57F-915131615DD2} = {827E0CD3-B72D-47B6-A68D-7590B98EB39B}
		{F01674C8-2114-4CB8-BB87-6E85E07090F9} = {827E0CD3-B72D-47B6-A68D-7590B98EB39B}
		{B69F1BCB-4D51-476F-9CBD-01656209FB5A} = {827E0CD3-B72D-47B6-A68D-7590B98EB39B}
		{DC477D46-385A-4CCF-90F3-DD7DE63EC4D2} = {827E0CD3-B72D-47B6-A68D-7590B98EB39B}
		{5E5CD913-B7F0-4275-806F-453F7E36BFCB} = {0AB3BF05-4346-4AA6-1389-037BE0695223}
		{CB7B4C42-72DC-463A-9031-CC09216E4333} = {827E0CD3-B72D-47B6-A68D-7590B98EB39B}
		{B6044595-B84F-4EB3-805D-6888968DFDE6} = {827E0CD3-B72D-47B6-A68D-7590B98EB39B}
		{CA743DAA-A96C-4CC6-93FB-A3579D96FE8A} = {0AB3BF05-4346-4AA6-1389-037BE0695223}
		{CCEA5FAB-C3AF-488B-AC97-BA13E9E59234} = {0AB3BF05-4346-4AA6-1389-037BE0695223}
		{309ECE7A-72CE-483B-8468-BE42CC79F252} = {827E0CD3-B72D-47B6-A68D-7590B98EB39B}
		{1969D098-4E87-4ECA-A4ED-988EEBCF3A32} = {0AB3BF05-4346-4AA6-1389-037BE0695223}
		{783DBBF5-0ADB-4664-957D-6204C45C15BD} = {827E0CD3-B72D-47B6-A68D-7590B98EB39B}
		{EA0CC8B9-F7C4-47A6-B976-537DD64607FC} = {827E0CD3-B72D-47B6-A68D-7590B98EB39B}
		{E9915488-25B1-488A-BB12-80F2C50B85A8} = {827E0CD3-B72D-47B6-A68D-7590B98EB39B}
		{83D414C4-1CC3-408C-9A09-8A6E684D1271} = {0AB3BF05-4346-4AA6-1389-037BE0695223}
		{2BC9738C-7AAB-4F89-BF59-C54665795403} = {0AB3BF05-4346-4AA6-1389-037BE0695223}
		{DC6454DC-7DCB-4E0E-825A-3B14913CE609} = {0AB3BF05-4346-4AA6-1389-037BE0695223}
		{B23C7E9D-1B43-4683-94D0-444AF4699DB5} = {0AB3BF05-4346-4AA6-1389-037BE0695223}
		{6DC85055-34F8-4579-97FC-15E9BC2DD65C} = {827E0CD3-B72D-47B6-A68D-7590B98EB39B}
		{F461E01D-D818-4450-801B-57645AA661CC} = {827E0CD3-B72D-47B6-A68D-7590B98EB39B}
		{1C3C38D4-4682-4727-A406-A97C4CFE9AD3} = {0AB3BF05-4346-4AA6-1389-037BE0695223}
		{3BEB2548-AFA4-4F60-A9E1-8047D60E5837} = {827E0CD3-B72D-47B6-A68D-7590B98EB39B}
		{4504EBA3-557F-4FB6-A165-1E5EDBA5B0B4} = {0AB3BF05-4346-4AA6-1389-037BE0695223}
		{203B8306-B5E2-45B6-90CB-0EFEA8C14ED2} = {827E0CD3-B72D-47B6-A68D-7590B98EB39B}
		{062F815B-D042-4CD7-AF52-53EB56DD8F07} = {827E0CD3-B72D-47B6-A68D-7590B98EB39B}
		{8CB9E637-B97A-4415-AE4F-E22CF47F0E37} = {827E0CD3-B72D-47B6-A68D-7590B98EB39B}
		{CADB0809-9D27-4FB6-96A9-BFA17746BCBC} = {0AB3BF05-4346-4AA6-1389-037BE0695223}
		{5EC5FC92-CEAC-4B7F-9F2A-55F63B4CC6E4} = {827E0CD3-B72D-47B6-A68D-7590B98EB39B}
		{6EE558FA-AF64-4A77-BCC6-7A90E6CCAC94} = {0AB3BF05-4346-4AA6-1389-037BE0695223}
		{38572A92-527A-454E-8A78-7B90F991FEA4} = {0AB3BF05-4346-4AA6-1389-037BE0695223}
		{EF54A3C1-FD74-4C19-A819-9F271DE62C8C} = {827E0CD3-B72D-47B6-A68D-7590B98EB39B}
		{5146D392-B3A6-476F-B9EB-D2468B9DE20A} = {0AB3BF05-4346-4AA6-1389-037BE0695223}
		{0AA17E8A-7021-4F77-9DEF-8DD28B0777E5} = {0AB3BF05-4346-4AA6-1389-037BE0695223}
		{2C4055F3-25C9-4EFE-808E-6B347DC5B28A} = {827E0CD3-B72D-47B6-A68D-7590B98EB39B}
		{9F66922A-C026-49D5-B4D1-C73B15C28DD6} = {827E0CD3-B72D-47B6-A68D-7590B98EB39B}
		{D2479060-4CFB-46CB-9E0C-23FCC9220EA7} = {0AB3BF05-4346-4AA6-1389-037BE0695223}
		{7B3A143A-F2A1-460B-9557-2F434ED2116A} = {0AB3BF05-4346-4AA6-1389-037BE0695223}
		{AD9DF0CB-EA54-4E67-9FFA-F77B8A7554C1} = {827E0CD3-B72D-47B6-A68D-7590B98EB39B}
		{CD9BEB0D-A114-40BF-82FF-4E333B0CE254} = {827E0CD3-B72D-47B6-A68D-7590B98EB39B}
		{BFFB5282-716E-4808-832B-479D9C20AEF9} = {0AB3BF05-4346-4AA6-1389-037BE0695223}
		{9936B86B-0644-4B18-8357-364D84B2A611} = {827E0CD3-B72D-47B6-A68D-7590B98EB39B}
		{5DC685EB-C946-4E9F-8343-623EB399BA45} = {827E0CD3-B72D-47B6-A68D-7590B98EB39B}
		{423EF6EA-5101-41D3-A09A-4EB1E52AE786} = {0AB3BF05-4346-4AA6-1389-037BE0695223}
		{88DDBFF3-9576-4A42-925B-DEE579498F68} = {827E0CD3-B72D-47B6-A68D-7590B98EB39B}
		{4A18BBEC-66CC-4586-8768-37807BA01551} = {827E0CD3-B72D-47B6-A68D-7590B98EB39B}
		{1B8C5ABD-FE05-47A3-9E3C-DB1C72AE65E9} = {0AB3BF05-4346-4AA6-1389-037BE0695223}
		{7FCF48B9-0821-431B-A3C4-8D434F8F9053} = {827E0CD3-B72D-47B6-A68D-7590B98EB39B}
		{EEA12298-EB4B-4AD3-81B0-C89803396518} = {827E0CD3-B72D-47B6-A68D-7590B98EB39B}
		{0C163E23-44EE-4352-B891-B5E32277B3F1} = {827E0CD3-B72D-47B6-A68D-7590B98EB39B}
		{74294A6E-32D1-4F3A-98F1-0521917E7D7C} = {0AB3BF05-4346-4AA6-1389-037BE0695223}
		{B0D37DF2-4763-4011-8E6F-8FBD8D89A245} = {0AB3BF05-4346-4AA6-1389-037BE0695223}
		{1134B917-40AA-459B-9EC3-4AAE4FCE4D8D} = {0AB3BF05-4346-4AA6-1389-037BE0695223}
		{9C7F61BC-4300-466D-8AD7-98A7E79E559D} = {827E0CD3-B72D-47B6-A68D-7590B98EB39B}
		{75193B81-92AC-4063-8041-D9933F308543} = {827E0CD3-B72D-47B6-A68D-7590B98EB39B}
		{81D414CE-0440-466C-86B4-696A29D94F24} = {0AB3BF05-4346-4AA6-1389-037BE0695223}
	EndGlobalSection
EndGlobal
