
Microsoft Visual Studio Solution File, Format Version 12.00
# Visual Studio Version 17
VisualStudioVersion = 17.0.31903.59
MinimumVisualStudioVersion = 10.0.40219.1
Project("{2150E333-8FDC-42A3-9474-1A3956D46DE8}") = "src", "src", "{827E0CD3-B72D-47B6-A68D-7590B98EB39B}"
EndProject
Project("{FAE04EC0-301F-11D3-BF4B-00C04F79EFBC}") = "SaaSFoundry.SDK.Core", "src\SaaSFoundry.SDK.Core\SaaSFoundry.SDK.Core.csproj", "{022FD6C6-CF65-4C3A-8140-6E1BA189A448}"
EndProject
Project("{2150E333-8FDC-42A3-9474-1A3956D46DE8}") = "tests", "tests", "{0AB3BF05-4346-4AA6-1389-037BE0695223}"
EndProject
Project("{FAE04EC0-301F-11D3-BF4B-00C04F79EFBC}") = "SaaSFoundry.SDK.Core.UnitTests", "tests\SaaSFoundry.SDK.Core.UnitTests\SaaSFoundry.SDK.Core.UnitTests.csproj", "{A4B1E4B3-D08D-4C10-B13E-A621A39FB776}"
EndProject
Project("{FAE04EC0-301F-11D3-BF4B-00C04F79EFBC}") = "SaaSFoundry.SDK.Plugins", "src\SaaSFoundry.SDK.Plugins\SaaSFoundry.SDK.Plugins.csproj", "{C56BFCDE-292B-4D02-87D5-C40A33485870}"
EndProject
Project("{FAE04EC0-301F-11D3-BF4B-00C04F79EFBC}") = "SaaSFoundry.EngineeringWorkbench.Core", "src\SaaSFoundry.EngineeringWorkbench.Core\SaaSFoundry.EngineeringWorkbench.Core.csproj", "{130C0CCB-AF07-4548-9B11-DEF88664BFFC}"
EndProject
Project("{FAE04EC0-301F-11D3-BF4B-00C04F79EFBC}") = "SaaSFoundry.SDK.Plugins.UnitTests", "tests\SaaSFoundry.SDK.Plugins.UnitTests\SaaSFoundry.SDK.Plugins.UnitTests.csproj", "{DD58A985-FE6A-4829-B6D8-A5195FA12677}"
EndProject
Project("{FAE04EC0-301F-11D3-BF4B-00C04F79EFBC}") = "SaaSFoundry.SDK.Validation", "src\SaaSFoundry.SDK.Validation\SaaSFoundry.SDK.Validation.csproj", "{6C95F1E6-AB80-4092-AC9D-2D02306D72CF}"
EndProject
Project("{FAE04EC0-301F-11D3-BF4B-00C04F79EFBC}") = "SaaSFoundry.SDK.Validation.UnitTests", "tests\SaaSFoundry.SDK.Validation.UnitTests\SaaSFoundry.SDK.Validation.UnitTests.csproj", "{70794E2B-5CDF-4D99-9F95-B64D8E854595}"
EndProject
Project("{FAE04EC0-301F-11D3-BF4B-00C04F79EFBC}") = "SaaSFoundry.SDK.Packaging", "src\SaaSFoundry.SDK.Packaging\SaaSFoundry.SDK.Packaging.csproj", "{7D655BE4-C86A-47E8-89FC-435CC5BBD008}"
EndProject
Project("{FAE04EC0-301F-11D3-BF4B-00C04F79EFBC}") = "SaaSFoundry.SDK.Packaging.UnitTests", "tests\SaaSFoundry.SDK.Packaging.UnitTests\SaaSFoundry.SDK.Packaging.UnitTests.csproj", "{FDF3F402-4F1C-43EE-B25F-9CC42194DFD6}"
EndProject
Project("{FAE04EC0-301F-11D3-BF4B-00C04F79EFBC}") = "SaaSFoundry.SDK.Testing", "src\SaaSFoundry.SDK.Testing\SaaSFoundry.SDK.Testing.csproj", "{715A143C-A421-4D25-BCD5-C1F357B31BE5}"
EndProject
Project("{FAE04EC0-301F-11D3-BF4B-00C04F79EFBC}") = "SaaSFoundry.SDK.Testing.UnitTests", "tests\SaaSFoundry.SDK.Testing.UnitTests\SaaSFoundry.SDK.Testing.UnitTests.csproj", "{1784885C-0538-42C8-9CAC-C3E1BF276D8C}"
EndProject
Global
	GlobalSection(SolutionConfigurationPlatforms) = preSolution
		Debug|Any CPU = Debug|Any CPU
		Debug|x64 = Debug|x64
		Debug|x86 = Debug|x86
		Release|Any CPU = Release|Any CPU
		Release|x64 = Release|x64
		Release|x86 = Release|x86
	EndGlobalSection
	GlobalSection(ProjectConfigurationPlatforms) = postSolution
		{022FD6C6-CF65-4C3A-8140-6E1BA189A448}.Debug|Any CPU.ActiveCfg = Debug|Any CPU
		{022FD6C6-CF65-4C3A-8140-6E1BA189A448}.Debug|Any CPU.Build.0 = Debug|Any CPU
		{022FD6C6-CF65-4C3A-8140-6E1BA189A448}.Debug|x64.ActiveCfg = Debug|Any CPU
		{022FD6C6-CF65-4C3A-8140-6E1BA189A448}.Debug|x64.Build.0 = Debug|Any CPU
		{022FD6C6-CF65-4C3A-8140-6E1BA189A448}.Debug|x86.ActiveCfg = Debug|Any CPU
		{022FD6C6-CF65-4C3A-8140-6E1BA189A448}.Debug|x86.Build.0 = Debug|Any CPU
		{022FD6C6-CF65-4C3A-8140-6E1BA189A448}.Release|Any CPU.ActiveCfg = Release|Any CPU
		{022FD6C6-CF65-4C3A-8140-6E1BA189A448}.Release|Any CPU.Build.0 = Release|Any CPU
		{022FD6C6-CF65-4C3A-8140-6E1BA189A448}.Release|x64.ActiveCfg = Release|Any CPU
		{022FD6C6-CF65-4C3A-8140-6E1BA189A448}.Release|x64.Build.0 = Release|Any CPU
		{022FD6C6-CF65-4C3A-8140-6E1BA189A448}.Release|x86.ActiveCfg = Release|Any CPU
		{022FD6C6-CF65-4C3A-8140-6E1BA189A448}.Release|x86.Build.0 = Release|Any CPU
		{A4B1E4B3-D08D-4C10-B13E-A621A39FB776}.Debug|Any CPU.ActiveCfg = Debug|Any CPU
		{A4B1E4B3-D08D-4C10-B13E-A621A39FB776}.Debug|Any CPU.Build.0 = Debug|Any CPU
		{A4B1E4B3-D08D-4C10-B13E-A621A39FB776}.Debug|x64.ActiveCfg = Debug|Any CPU
		{A4B1E4B3-D08D-4C10-B13E-A621A39FB776}.Debug|x64.Build.0 = Debug|Any CPU
		{A4B1E4B3-D08D-4C10-B13E-A621A39FB776}.Debug|x86.ActiveCfg = Debug|Any CPU
		{A4B1E4B3-D08D-4C10-B13E-A621A39FB776}.Debug|x86.Build.0 = Debug|Any CPU
		{A4B1E4B3-D08D-4C10-B13E-A621A39FB776}.Release|Any CPU.ActiveCfg = Release|Any CPU
		{A4B1E4B3-D08D-4C10-B13E-A621A39FB776}.Release|Any CPU.Build.0 = Release|Any CPU
		{A4B1E4B3-D08D-4C10-B13E-A621A39FB776}.Release|x64.ActiveCfg = Release|Any CPU
		{A4B1E4B3-D08D-4C10-B13E-A621A39FB776}.Release|x64.Build.0 = Release|Any CPU
		{A4B1E4B3-D08D-4C10-B13E-A621A39FB776}.Release|x86.ActiveCfg = Release|Any CPU
		{A4B1E4B3-D08D-4C10-B13E-A621A39FB776}.Release|x86.Build.0 = Release|Any CPU
		{C56BFCDE-292B-4D02-87D5-C40A33485870}.Debug|Any CPU.ActiveCfg = Debug|Any CPU
		{C56BFCDE-292B-4D02-87D5-C40A33485870}.Debug|Any CPU.Build.0 = Debug|Any CPU
		{C56BFCDE-292B-4D02-87D5-C40A33485870}.Debug|x64.ActiveCfg = Debug|Any CPU
		{C56BFCDE-292B-4D02-87D5-C40A33485870}.Debug|x64.Build.0 = Debug|Any CPU
		{C56BFCDE-292B-4D02-87D5-C40A33485870}.Debug|x86.ActiveCfg = Debug|Any CPU
		{C56BFCDE-292B-4D02-87D5-C40A33485870}.Debug|x86.Build.0 = Debug|Any CPU
		{C56BFCDE-292B-4D02-87D5-C40A33485870}.Release|Any CPU.ActiveCfg = Release|Any CPU
		{C56BFCDE-292B-4D02-87D5-C40A33485870}.Release|Any CPU.Build.0 = Release|Any CPU
		{C56BFCDE-292B-4D02-87D5-C40A33485870}.Release|x64.ActiveCfg = Release|Any CPU
		{C56BFCDE-292B-4D02-87D5-C40A33485870}.Release|x64.Build.0 = Release|Any CPU
		{C56BFCDE-292B-4D02-87D5-C40A33485870}.Release|x86.ActiveCfg = Release|Any CPU
		{C56BFCDE-292B-4D02-87D5-C40A33485870}.Release|x86.Build.0 = Release|Any CPU
		{130C0CCB-AF07-4548-9B11-DEF88664BFFC}.Debug|Any CPU.ActiveCfg = Debug|Any CPU
		{130C0CCB-AF07-4548-9B11-DEF88664BFFC}.Debug|Any CPU.Build.0 = Debug|Any CPU
		{130C0CCB-AF07-4548-9B11-DEF88664BFFC}.Debug|x64.ActiveCfg = Debug|Any CPU
		{130C0CCB-AF07-4548-9B11-DEF88664BFFC}.Debug|x64.Build.0 = Debug|Any CPU
		{130C0CCB-AF07-4548-9B11-DEF88664BFFC}.Debug|x86.ActiveCfg = Debug|Any CPU
		{130C0CCB-AF07-4548-9B11-DEF88664BFFC}.Debug|x86.Build.0 = Debug|Any CPU
		{130C0CCB-AF07-4548-9B11-DEF88664BFFC}.Release|Any CPU.ActiveCfg = Release|Any CPU
		{130C0CCB-AF07-4548-9B11-DEF88664BFFC}.Release|Any CPU.Build.0 = Release|Any CPU
		{130C0CCB-AF07-4548-9B11-DEF88664BFFC}.Release|x64.ActiveCfg = Release|Any CPU
		{130C0CCB-AF07-4548-9B11-DEF88664BFFC}.Release|x64.Build.0 = Release|Any CPU
		{130C0CCB-AF07-4548-9B11-DEF88664BFFC}.Release|x86.ActiveCfg = Release|Any CPU
		{130C0CCB-AF07-4548-9B11-DEF88664BFFC}.Release|x86.Build.0 = Release|Any CPU
		{DD58A985-FE6A-4829-B6D8-A5195FA12677}.Debug|Any CPU.ActiveCfg = Debug|Any CPU
		{DD58A985-FE6A-4829-B6D8-A5195FA12677}.Debug|Any CPU.Build.0 = Debug|Any CPU
		{DD58A985-FE6A-4829-B6D8-A5195FA12677}.Debug|x64.ActiveCfg = Debug|Any CPU
		{DD58A985-FE6A-4829-B6D8-A5195FA12677}.Debug|x64.Build.0 = Debug|Any CPU
		{DD58A985-FE6A-4829-B6D8-A5195FA12677}.Debug|x86.ActiveCfg = Debug|Any CPU
		{DD58A985-FE6A-4829-B6D8-A5195FA12677}.Debug|x86.Build.0 = Debug|Any CPU
		{DD58A985-FE6A-4829-B6D8-A5195FA12677}.Release|Any CPU.ActiveCfg = Release|Any CPU
		{DD58A985-FE6A-4829-B6D8-A5195FA12677}.Release|Any CPU.Build.0 = Release|Any CPU
		{DD58A985-FE6A-4829-B6D8-A5195FA12677}.Release|x64.ActiveCfg = Release|Any CPU
		{DD58A985-FE6A-4829-B6D8-A5195FA12677}.Release|x64.Build.0 = Release|Any CPU
		{DD58A985-FE6A-4829-B6D8-A5195FA12677}.Release|x86.ActiveCfg = Release|Any CPU
		{DD58A985-FE6A-4829-B6D8-A5195FA12677}.Release|x86.Build.0 = Release|Any CPU
		{6C95F1E6-AB80-4092-AC9D-2D02306D72CF}.Debug|Any CPU.ActiveCfg = Debug|Any CPU
		{6C95F1E6-AB80-4092-AC9D-2D02306D72CF}.Debug|Any CPU.Build.0 = Debug|Any CPU
		{6C95F1E6-AB80-4092-AC9D-2D02306D72CF}.Debug|x64.ActiveCfg = Debug|Any CPU
		{6C95F1E6-AB80-4092-AC9D-2D02306D72CF}.Debug|x64.Build.0 = Debug|Any CPU
		{6C95F1E6-AB80-4092-AC9D-2D02306D72CF}.Debug|x86.ActiveCfg = Debug|Any CPU
		{6C95F1E6-AB80-4092-AC9D-2D02306D72CF}.Debug|x86.Build.0 = Debug|Any CPU
		{6C95F1E6-AB80-4092-AC9D-2D02306D72CF}.Release|Any CPU.ActiveCfg = Release|Any CPU
		{6C95F1E6-AB80-4092-AC9D-2D02306D72CF}.Release|Any CPU.Build.0 = Release|Any CPU
		{6C95F1E6-AB80-4092-AC9D-2D02306D72CF}.Release|x64.ActiveCfg = Release|Any CPU
		{6C95F1E6-AB80-4092-AC9D-2D02306D72CF}.Release|x64.Build.0 = Release|Any CPU
		{6C95F1E6-AB80-4092-AC9D-2D02306D72CF}.Release|x86.ActiveCfg = Release|Any CPU
		{6C95F1E6-AB80-4092-AC9D-2D02306D72CF}.Release|x86.Build.0 = Release|Any CPU
		{70794E2B-5CDF-4D99-9F95-B64D8E854595}.Debug|Any CPU.ActiveCfg = Debug|Any CPU
		{70794E2B-5CDF-4D99-9F95-B64D8E854595}.Debug|Any CPU.Build.0 = Debug|Any CPU
		{70794E2B-5CDF-4D99-9F95-B64D8E854595}.Debug|x64.ActiveCfg = Debug|Any CPU
		{70794E2B-5CDF-4D99-9F95-B64D8E854595}.Debug|x64.Build.0 = Debug|Any CPU
		{70794E2B-5CDF-4D99-9F95-B64D8E854595}.Debug|x86.ActiveCfg = Debug|Any CPU
		{70794E2B-5CDF-4D99-9F95-B64D8E854595}.Debug|x86.Build.0 = Debug|Any CPU
		{70794E2B-5CDF-4D99-9F95-B64D8E854595}.Release|Any CPU.ActiveCfg = Release|Any CPU
		{70794E2B-5CDF-4D99-9F95-B64D8E854595}.Release|Any CPU.Build.0 = Release|Any CPU
		{70794E2B-5CDF-4D99-9F95-B64D8E854595}.Release|x64.ActiveCfg = Release|Any CPU
		{70794E2B-5CDF-4D99-9F95-B64D8E854595}.Release|x64.Build.0 = Release|Any CPU
		{70794E2B-5CDF-4D99-9F95-B64D8E854595}.Release|x86.ActiveCfg = Release|Any CPU
		{70794E2B-5CDF-4D99-9F95-B64D8E854595}.Release|x86.Build.0 = Release|Any CPU
		{7D655BE4-C86A-47E8-89FC-435CC5BBD008}.Debug|Any CPU.ActiveCfg = Debug|Any CPU
		{7D655BE4-C86A-47E8-89FC-435CC5BBD008}.Debug|Any CPU.Build.0 = Debug|Any CPU
		{7D655BE4-C86A-47E8-89FC-435CC5BBD008}.Debug|x64.ActiveCfg = Debug|Any CPU
		{7D655BE4-C86A-47E8-89FC-435CC5BBD008}.Debug|x64.Build.0 = Debug|Any CPU
		{7D655BE4-C86A-47E8-89FC-435CC5BBD008}.Debug|x86.ActiveCfg = Debug|Any CPU
		{7D655BE4-C86A-47E8-89FC-435CC5BBD008}.Debug|x86.Build.0 = Debug|Any CPU
		{7D655BE4-C86A-47E8-89FC-435CC5BBD008}.Release|Any CPU.ActiveCfg = Release|Any CPU
		{7D655BE4-C86A-47E8-89FC-435CC5BBD008}.Release|Any CPU.Build.0 = Release|Any CPU
		{7D655BE4-C86A-47E8-89FC-435CC5BBD008}.Release|x64.ActiveCfg = Release|Any CPU
		{7D655BE4-C86A-47E8-89FC-435CC5BBD008}.Release|x64.Build.0 = Release|Any CPU
		{7D655BE4-C86A-47E8-89FC-435CC5BBD008}.Release|x86.ActiveCfg = Release|Any CPU
		{7D655BE4-C86A-47E8-89FC-435CC5BBD008}.Release|x86.Build.0 = Release|Any CPU
		{FDF3F402-4F1C-43EE-B25F-9CC42194DFD6}.Debug|Any CPU.ActiveCfg = Debug|Any CPU
		{FDF3F402-4F1C-43EE-B25F-9CC42194DFD6}.Debug|Any CPU.Build.0 = Debug|Any CPU
		{FDF3F402-4F1C-43EE-B25F-9CC42194DFD6}.Debug|x64.ActiveCfg = Debug|Any CPU
		{FDF3F402-4F1C-43EE-B25F-9CC42194DFD6}.Debug|x64.Build.0 = Debug|Any CPU
		{FDF3F402-4F1C-43EE-B25F-9CC42194DFD6}.Debug|x86.ActiveCfg = Debug|Any CPU
		{FDF3F402-4F1C-43EE-B25F-9CC42194DFD6}.Debug|x86.Build.0 = Debug|Any CPU
		{FDF3F402-4F1C-43EE-B25F-9CC42194DFD6}.Release|Any CPU.ActiveCfg = Release|Any CPU
		{FDF3F402-4F1C-43EE-B25F-9CC42194DFD6}.Release|Any CPU.Build.0 = Release|Any CPU
		{FDF3F402-4F1C-43EE-B25F-9CC42194DFD6}.Release|x64.ActiveCfg = Release|Any CPU
		{FDF3F402-4F1C-43EE-B25F-9CC42194DFD6}.Release|x64.Build.0 = Release|Any CPU
		{FDF3F402-4F1C-43EE-B25F-9CC42194DFD6}.Release|x86.ActiveCfg = Release|Any CPU
		{FDF3F402-4F1C-43EE-B25F-9CC42194DFD6}.Release|x86.Build.0 = Release|Any CPU
		{715A143C-A421-4D25-BCD5-C1F357B31BE5}.Debug|Any CPU.ActiveCfg = Debug|Any CPU
		{715A143C-A421-4D25-BCD5-C1F357B31BE5}.Debug|Any CPU.Build.0 = Debug|Any CPU
		{715A143C-A421-4D25-BCD5-C1F357B31BE5}.Debug|x64.ActiveCfg = Debug|Any CPU
		{715A143C-A421-4D25-BCD5-C1F357B31BE5}.Debug|x64.Build.0 = Debug|Any CPU
		{715A143C-A421-4D25-BCD5-C1F357B31BE5}.Debug|x86.ActiveCfg = Debug|Any CPU
		{715A143C-A421-4D25-BCD5-C1F357B31BE5}.Debug|x86.Build.0 = Debug|Any CPU
		{715A143C-A421-4D25-BCD5-C1F357B31BE5}.Release|Any CPU.ActiveCfg = Release|Any CPU
		{715A143C-A421-4D25-BCD5-C1F357B31BE5}.Release|Any CPU.Build.0 = Release|Any CPU
		{715A143C-A421-4D25-BCD5-C1F357B31BE5}.Release|x64.ActiveCfg = Release|Any CPU
		{715A143C-A421-4D25-BCD5-C1F357B31BE5}.Release|x64.Build.0 = Release|Any CPU
		{715A143C-A421-4D25-BCD5-C1F357B31BE5}.Release|x86.ActiveCfg = Release|Any CPU
		{715A143C-A421-4D25-BCD5-C1F357B31BE5}.Release|x86.Build.0 = Release|Any CPU
		{1784885C-0538-42C8-9CAC-C3E1BF276D8C}.Debug|Any CPU.ActiveCfg = Debug|Any CPU
		{1784885C-0538-42C8-9CAC-C3E1BF276D8C}.Debug|Any CPU.Build.0 = Debug|Any CPU
		{1784885C-0538-42C8-9CAC-C3E1BF276D8C}.Debug|x64.ActiveCfg = Debug|Any CPU
		{1784885C-0538-42C8-9CAC-C3E1BF276D8C}.Debug|x64.Build.0 = Debug|Any CPU
		{1784885C-0538-42C8-9CAC-C3E1BF276D8C}.Debug|x86.ActiveCfg = Debug|Any CPU
		{1784885C-0538-42C8-9CAC-C3E1BF276D8C}.Debug|x86.Build.0 = Debug|Any CPU
		{1784885C-0538-42C8-9CAC-C3E1BF276D8C}.Release|Any CPU.ActiveCfg = Release|Any CPU
		{1784885C-0538-42C8-9CAC-C3E1BF276D8C}.Release|Any CPU.Build.0 = Release|Any CPU
		{1784885C-0538-42C8-9CAC-C3E1BF276D8C}.Release|x64.ActiveCfg = Release|Any CPU
		{1784885C-0538-42C8-9CAC-C3E1BF276D8C}.Release|x64.Build.0 = Release|Any CPU
		{1784885C-0538-42C8-9CAC-C3E1BF276D8C}.Release|x86.ActiveCfg = Release|Any CPU
		{1784885C-0538-42C8-9CAC-C3E1BF276D8C}.Release|x86.Build.0 = Release|Any CPU
	EndGlobalSection
	GlobalSection(SolutionProperties) = preSolution
		HideSolutionNode = FALSE
	EndGlobalSection
	GlobalSection(NestedProjects) = preSolution
		{022FD6C6-CF65-4C3A-8140-6E1BA189A448} = {827E0CD3-B72D-47B6-A68D-7590B98EB39B}
		{A4B1E4B3-D08D-4C10-B13E-A621A39FB776} = {0AB3BF05-4346-4AA6-1389-037BE0695223}
		{C56BFCDE-292B-4D02-87D5-C40A33485870} = {827E0CD3-B72D-47B6-A68D-7590B98EB39B}
		{130C0CCB-AF07-4548-9B11-DEF88664BFFC} = {827E0CD3-B72D-47B6-A68D-7590B98EB39B}
		{DD58A985-FE6A-4829-B6D8-A5195FA12677} = {0AB3BF05-4346-4AA6-1389-037BE0695223}
		{6C95F1E6-AB80-4092-AC9D-2D02306D72CF} = {827E0CD3-B72D-47B6-A68D-7590B98EB39B}
		{70794E2B-5CDF-4D99-9F95-B64D8E854595} = {0AB3BF05-4346-4AA6-1389-037BE0695223}
		{7D655BE4-C86A-47E8-89FC-435CC5BBD008} = {827E0CD3-B72D-47B6-A68D-7590B98EB39B}
		{FDF3F402-4F1C-43EE-B25F-9CC42194DFD6} = {0AB3BF05-4346-4AA6-1389-037BE0695223}
		{715A143C-A421-4D25-BCD5-C1F357B31BE5} = {827E0CD3-B72D-47B6-A68D-7590B98EB39B}
		{1784885C-0538-42C8-9CAC-C3E1BF276D8C} = {0AB3BF05-4346-4AA6-1389-037BE0695223}
	EndGlobalSection
EndGlobal
